
Microsoft Visual Studio Solution File, Format Version 11.00
# Visual Studio 2010
Project("{2150E333-8FDC-42A3-9474-1A3956D46DE8}") = "Common", "Common", "{42E2A847-0945-4351-A57E-591539FBBD57}"
	ProjectSection(SolutionItems) = preProject
		AssemblyInfo.Common.cs = AssemblyInfo.Common.cs
		..\license.txt = ..\license.txt
	EndProjectSection
EndProject
Project("{FAE04EC0-301F-11D3-BF4B-00C04F79EFBC}") = "Plethora.Windows.Forms", "Plethora.Windows.Forms\Plethora.Windows.Forms.csproj", "{95839C43-2A34-4716-AEE5-59D68274FAC9}"
EndProject
Project("{FAE04EC0-301F-11D3-BF4B-00C04F79EFBC}") = "Plethora.Windows.Forms.Examples", "Plethora.Windows.Forms.Examples\Plethora.Windows.Forms.Examples.csproj", "{212B1317-18FB-49D3-98DB-CE445FC7DE22}"
EndProject
Project("{FAE04EC0-301F-11D3-BF4B-00C04F79EFBC}") = "Plethora.Common", "Plethora.Common\Plethora.Common.csproj", "{0D8A2D17-6D05-4C8D-8BE9-628F3BAF0D07}"
EndProject
Project("{FAE04EC0-301F-11D3-BF4B-00C04F79EFBC}") = "Plethora.Drawing", "Plethora.Drawing\Plethora.Drawing.csproj", "{94C3CA39-7B10-408A-B342-8D15BC46F157}"
EndProject
Project("{FAE04EC0-301F-11D3-BF4B-00C04F79EFBC}") = "Plethora.Drawing.Examples", "Plethora.Drawing.Examples\Plethora.Drawing.Examples.csproj", "{B1D27435-5EE9-4257-8956-C3A2792CAFEA}"
EndProject
Project("{FAE04EC0-301F-11D3-BF4B-00C04F79EFBC}") = "Plethora.Common.Test", "Plethora.Common.Test\Plethora.Common.Test.csproj", "{285904D4-549B-4E66-B50D-4BE919B7FF3D}"
EndProject
Project("{FAE04EC0-301F-11D3-BF4B-00C04F79EFBC}") = "Plethora.Common.Example", "Plethora.Common.Example\Plethora.Common.Example.csproj", "{52069679-A947-4C6A-A89D-83294FFD6015}"
EndProject
Project("{FAE04EC0-301F-11D3-BF4B-00C04F79EFBC}") = "Plethora.Logging.log4net", "Plethora.Logging.log4net\Plethora.Logging.log4net.csproj", "{A003AE53-E0AD-4F9A-A784-3F0B6D433085}"
EndProject
Project("{FAE04EC0-301F-11D3-BF4B-00C04F79EFBC}") = "Plethora.fqi", "Plethora.fqi\Plethora.fqi.csproj", "{96CC92ED-DDC2-439E-8888-06E2506970E1}"
EndProject
Project("{FAE04EC0-301F-11D3-BF4B-00C04F79EFBC}") = "Plethora.fqi.Example", "Plethora.fqi.Example\Plethora.fqi.Example.csproj", "{6BD76D8C-0DA6-43D4-B55C-BA607D78720A}"
EndProject
Project("{FAE04EC0-301F-11D3-BF4B-00C04F79EFBC}") = "Plethora.fqi.Test", "Plethora.fqi.Tests\Plethora.fqi.Test.csproj", "{5845AEF3-A0EB-404D-BFC1-F07AB7E983AD}"
EndProject
Project("{FAE04EC0-301F-11D3-BF4B-00C04F79EFBC}") = "Plethora.Cache", "Plethora.Cache\Plethora.Cache.csproj", "{C80DB42E-C7EA-4CF4-9F23-564F86983D01}"
EndProject
Project("{FAE04EC0-301F-11D3-BF4B-00C04F79EFBC}") = "Plethora.Cache.Example", "Plethora.Cache.Example\Plethora.Cache.Example.csproj", "{F8B5E73A-8AD4-430C-951D-26C77E0603FC}"
EndProject
Project("{FAE04EC0-301F-11D3-BF4B-00C04F79EFBC}") = "Plethora.Synchronized", "Plethora.Synchronized\Plethora.Synchronized.csproj", "{1577E94B-E43A-4C2B-A51A-52C8602108B0}"
EndProject
Project("{FAE04EC0-301F-11D3-BF4B-00C04F79EFBC}") = "Plethora.Synchronized.Example", "Plethora.Synchronized.Example\Plethora.Synchronized.Example.csproj", "{8FD9298A-E6A2-4F69-B39F-D7064CF0B7D8}"
EndProject
Global
	GlobalSection(SolutionConfigurationPlatforms) = preSolution
		Debug|Any CPU = Debug|Any CPU
		Debug|Mixed Platforms = Debug|Mixed Platforms
		Debug|x86 = Debug|x86
		Release|Any CPU = Release|Any CPU
		Release|Mixed Platforms = Release|Mixed Platforms
		Release|x86 = Release|x86
	EndGlobalSection
	GlobalSection(ProjectConfigurationPlatforms) = postSolution
		{95839C43-2A34-4716-AEE5-59D68274FAC9}.Debug|Any CPU.ActiveCfg = Debug|Any CPU
		{95839C43-2A34-4716-AEE5-59D68274FAC9}.Debug|Any CPU.Build.0 = Debug|Any CPU
		{95839C43-2A34-4716-AEE5-59D68274FAC9}.Debug|Mixed Platforms.ActiveCfg = Debug|Any CPU
		{95839C43-2A34-4716-AEE5-59D68274FAC9}.Debug|Mixed Platforms.Build.0 = Debug|Any CPU
		{95839C43-2A34-4716-AEE5-59D68274FAC9}.Debug|x86.ActiveCfg = Debug|Any CPU
		{95839C43-2A34-4716-AEE5-59D68274FAC9}.Release|Any CPU.ActiveCfg = Release|Any CPU
		{95839C43-2A34-4716-AEE5-59D68274FAC9}.Release|Any CPU.Build.0 = Release|Any CPU
		{95839C43-2A34-4716-AEE5-59D68274FAC9}.Release|Mixed Platforms.ActiveCfg = Release|Any CPU
		{95839C43-2A34-4716-AEE5-59D68274FAC9}.Release|Mixed Platforms.Build.0 = Release|Any CPU
		{95839C43-2A34-4716-AEE5-59D68274FAC9}.Release|x86.ActiveCfg = Release|Any CPU
		{212B1317-18FB-49D3-98DB-CE445FC7DE22}.Debug|Any CPU.ActiveCfg = Debug|Any CPU
		{212B1317-18FB-49D3-98DB-CE445FC7DE22}.Debug|Any CPU.Build.0 = Debug|Any CPU
		{212B1317-18FB-49D3-98DB-CE445FC7DE22}.Debug|Mixed Platforms.ActiveCfg = Debug|Any CPU
		{212B1317-18FB-49D3-98DB-CE445FC7DE22}.Debug|Mixed Platforms.Build.0 = Debug|Any CPU
		{212B1317-18FB-49D3-98DB-CE445FC7DE22}.Debug|x86.ActiveCfg = Debug|Any CPU
		{212B1317-18FB-49D3-98DB-CE445FC7DE22}.Release|Any CPU.ActiveCfg = Release|Any CPU
		{212B1317-18FB-49D3-98DB-CE445FC7DE22}.Release|Any CPU.Build.0 = Release|Any CPU
		{212B1317-18FB-49D3-98DB-CE445FC7DE22}.Release|Mixed Platforms.ActiveCfg = Release|Any CPU
		{212B1317-18FB-49D3-98DB-CE445FC7DE22}.Release|Mixed Platforms.Build.0 = Release|Any CPU
		{212B1317-18FB-49D3-98DB-CE445FC7DE22}.Release|x86.ActiveCfg = Release|Any CPU
		{0D8A2D17-6D05-4C8D-8BE9-628F3BAF0D07}.Debug|Any CPU.ActiveCfg = Debug|Any CPU
		{0D8A2D17-6D05-4C8D-8BE9-628F3BAF0D07}.Debug|Any CPU.Build.0 = Debug|Any CPU
		{0D8A2D17-6D05-4C8D-8BE9-628F3BAF0D07}.Debug|Mixed Platforms.ActiveCfg = Debug|Any CPU
		{0D8A2D17-6D05-4C8D-8BE9-628F3BAF0D07}.Debug|Mixed Platforms.Build.0 = Debug|Any CPU
		{0D8A2D17-6D05-4C8D-8BE9-628F3BAF0D07}.Debug|x86.ActiveCfg = Debug|Any CPU
		{0D8A2D17-6D05-4C8D-8BE9-628F3BAF0D07}.Release|Any CPU.ActiveCfg = Release|Any CPU
		{0D8A2D17-6D05-4C8D-8BE9-628F3BAF0D07}.Release|Any CPU.Build.0 = Release|Any CPU
		{0D8A2D17-6D05-4C8D-8BE9-628F3BAF0D07}.Release|Mixed Platforms.ActiveCfg = Release|Any CPU
		{0D8A2D17-6D05-4C8D-8BE9-628F3BAF0D07}.Release|Mixed Platforms.Build.0 = Release|Any CPU
		{0D8A2D17-6D05-4C8D-8BE9-628F3BAF0D07}.Release|x86.ActiveCfg = Release|Any CPU
		{94C3CA39-7B10-408A-B342-8D15BC46F157}.Debug|Any CPU.ActiveCfg = Debug|Any CPU
		{94C3CA39-7B10-408A-B342-8D15BC46F157}.Debug|Any CPU.Build.0 = Debug|Any CPU
		{94C3CA39-7B10-408A-B342-8D15BC46F157}.Debug|Mixed Platforms.ActiveCfg = Debug|Any CPU
		{94C3CA39-7B10-408A-B342-8D15BC46F157}.Debug|Mixed Platforms.Build.0 = Debug|Any CPU
		{94C3CA39-7B10-408A-B342-8D15BC46F157}.Debug|x86.ActiveCfg = Debug|Any CPU
		{94C3CA39-7B10-408A-B342-8D15BC46F157}.Release|Any CPU.ActiveCfg = Release|Any CPU
		{94C3CA39-7B10-408A-B342-8D15BC46F157}.Release|Any CPU.Build.0 = Release|Any CPU
		{94C3CA39-7B10-408A-B342-8D15BC46F157}.Release|Mixed Platforms.ActiveCfg = Release|Any CPU
		{94C3CA39-7B10-408A-B342-8D15BC46F157}.Release|Mixed Platforms.Build.0 = Release|Any CPU
		{94C3CA39-7B10-408A-B342-8D15BC46F157}.Release|x86.ActiveCfg = Release|Any CPU
		{B1D27435-5EE9-4257-8956-C3A2792CAFEA}.Debug|Any CPU.ActiveCfg = Debug|Any CPU
		{B1D27435-5EE9-4257-8956-C3A2792CAFEA}.Debug|Any CPU.Build.0 = Debug|Any CPU
		{B1D27435-5EE9-4257-8956-C3A2792CAFEA}.Debug|Mixed Platforms.ActiveCfg = Debug|Any CPU
		{B1D27435-5EE9-4257-8956-C3A2792CAFEA}.Debug|Mixed Platforms.Build.0 = Debug|Any CPU
		{B1D27435-5EE9-4257-8956-C3A2792CAFEA}.Debug|x86.ActiveCfg = Debug|Any CPU
		{B1D27435-5EE9-4257-8956-C3A2792CAFEA}.Release|Any CPU.ActiveCfg = Release|Any CPU
		{B1D27435-5EE9-4257-8956-C3A2792CAFEA}.Release|Any CPU.Build.0 = Release|Any CPU
		{B1D27435-5EE9-4257-8956-C3A2792CAFEA}.Release|Mixed Platforms.ActiveCfg = Release|Any CPU
		{B1D27435-5EE9-4257-8956-C3A2792CAFEA}.Release|Mixed Platforms.Build.0 = Release|Any CPU
		{B1D27435-5EE9-4257-8956-C3A2792CAFEA}.Release|x86.ActiveCfg = Release|Any CPU
		{285904D4-549B-4E66-B50D-4BE919B7FF3D}.Debug|Any CPU.ActiveCfg = Debug|Any CPU
		{285904D4-549B-4E66-B50D-4BE919B7FF3D}.Debug|Any CPU.Build.0 = Debug|Any CPU
		{285904D4-549B-4E66-B50D-4BE919B7FF3D}.Debug|Mixed Platforms.ActiveCfg = Debug|Any CPU
		{285904D4-549B-4E66-B50D-4BE919B7FF3D}.Debug|Mixed Platforms.Build.0 = Debug|Any CPU
		{285904D4-549B-4E66-B50D-4BE919B7FF3D}.Debug|x86.ActiveCfg = Debug|Any CPU
		{285904D4-549B-4E66-B50D-4BE919B7FF3D}.Release|Any CPU.ActiveCfg = Release|Any CPU
		{285904D4-549B-4E66-B50D-4BE919B7FF3D}.Release|Any CPU.Build.0 = Release|Any CPU
		{285904D4-549B-4E66-B50D-4BE919B7FF3D}.Release|Mixed Platforms.ActiveCfg = Release|Any CPU
		{285904D4-549B-4E66-B50D-4BE919B7FF3D}.Release|Mixed Platforms.Build.0 = Release|Any CPU
		{285904D4-549B-4E66-B50D-4BE919B7FF3D}.Release|x86.ActiveCfg = Release|Any CPU
		{52069679-A947-4C6A-A89D-83294FFD6015}.Debug|Any CPU.ActiveCfg = Debug|Any CPU
		{52069679-A947-4C6A-A89D-83294FFD6015}.Debug|Any CPU.Build.0 = Debug|Any CPU
		{52069679-A947-4C6A-A89D-83294FFD6015}.Debug|Mixed Platforms.ActiveCfg = Debug|Any CPU
		{52069679-A947-4C6A-A89D-83294FFD6015}.Debug|Mixed Platforms.Build.0 = Debug|Any CPU
		{52069679-A947-4C6A-A89D-83294FFD6015}.Debug|x86.ActiveCfg = Debug|Any CPU
		{52069679-A947-4C6A-A89D-83294FFD6015}.Release|Any CPU.ActiveCfg = Release|Any CPU
		{52069679-A947-4C6A-A89D-83294FFD6015}.Release|Any CPU.Build.0 = Release|Any CPU
		{52069679-A947-4C6A-A89D-83294FFD6015}.Release|Mixed Platforms.ActiveCfg = Release|Any CPU
		{52069679-A947-4C6A-A89D-83294FFD6015}.Release|Mixed Platforms.Build.0 = Release|Any CPU
		{52069679-A947-4C6A-A89D-83294FFD6015}.Release|x86.ActiveCfg = Release|Any CPU
		{A003AE53-E0AD-4F9A-A784-3F0B6D433085}.Debug|Any CPU.ActiveCfg = Debug|Any CPU
		{A003AE53-E0AD-4F9A-A784-3F0B6D433085}.Debug|Any CPU.Build.0 = Debug|Any CPU
		{A003AE53-E0AD-4F9A-A784-3F0B6D433085}.Debug|Mixed Platforms.ActiveCfg = Debug|Any CPU
		{A003AE53-E0AD-4F9A-A784-3F0B6D433085}.Debug|Mixed Platforms.Build.0 = Debug|Any CPU
		{A003AE53-E0AD-4F9A-A784-3F0B6D433085}.Debug|x86.ActiveCfg = Debug|Any CPU
		{A003AE53-E0AD-4F9A-A784-3F0B6D433085}.Release|Any CPU.ActiveCfg = Release|Any CPU
		{A003AE53-E0AD-4F9A-A784-3F0B6D433085}.Release|Any CPU.Build.0 = Release|Any CPU
		{A003AE53-E0AD-4F9A-A784-3F0B6D433085}.Release|Mixed Platforms.ActiveCfg = Release|Any CPU
		{A003AE53-E0AD-4F9A-A784-3F0B6D433085}.Release|Mixed Platforms.Build.0 = Release|Any CPU
		{A003AE53-E0AD-4F9A-A784-3F0B6D433085}.Release|x86.ActiveCfg = Release|Any CPU
		{96CC92ED-DDC2-439E-8888-06E2506970E1}.Debug|Any CPU.ActiveCfg = Debug|Any CPU
		{96CC92ED-DDC2-439E-8888-06E2506970E1}.Debug|Any CPU.Build.0 = Debug|Any CPU
		{96CC92ED-DDC2-439E-8888-06E2506970E1}.Debug|Mixed Platforms.ActiveCfg = Debug|Any CPU
		{96CC92ED-DDC2-439E-8888-06E2506970E1}.Debug|Mixed Platforms.Build.0 = Debug|Any CPU
		{96CC92ED-DDC2-439E-8888-06E2506970E1}.Debug|x86.ActiveCfg = Debug|Any CPU
		{96CC92ED-DDC2-439E-8888-06E2506970E1}.Release|Any CPU.ActiveCfg = Release|Any CPU
		{96CC92ED-DDC2-439E-8888-06E2506970E1}.Release|Any CPU.Build.0 = Release|Any CPU
		{96CC92ED-DDC2-439E-8888-06E2506970E1}.Release|Mixed Platforms.ActiveCfg = Release|Any CPU
		{96CC92ED-DDC2-439E-8888-06E2506970E1}.Release|Mixed Platforms.Build.0 = Release|Any CPU
		{96CC92ED-DDC2-439E-8888-06E2506970E1}.Release|x86.ActiveCfg = Release|Any CPU
		{6BD76D8C-0DA6-43D4-B55C-BA607D78720A}.Debug|Any CPU.ActiveCfg = Debug|Any CPU
		{6BD76D8C-0DA6-43D4-B55C-BA607D78720A}.Debug|Any CPU.Build.0 = Debug|Any CPU
		{6BD76D8C-0DA6-43D4-B55C-BA607D78720A}.Debug|Mixed Platforms.ActiveCfg = Debug|Any CPU
		{6BD76D8C-0DA6-43D4-B55C-BA607D78720A}.Debug|Mixed Platforms.Build.0 = Debug|Any CPU
		{6BD76D8C-0DA6-43D4-B55C-BA607D78720A}.Debug|x86.ActiveCfg = Debug|Any CPU
		{6BD76D8C-0DA6-43D4-B55C-BA607D78720A}.Release|Any CPU.ActiveCfg = Release|Any CPU
		{6BD76D8C-0DA6-43D4-B55C-BA607D78720A}.Release|Any CPU.Build.0 = Release|Any CPU
		{6BD76D8C-0DA6-43D4-B55C-BA607D78720A}.Release|Mixed Platforms.ActiveCfg = Release|Any CPU
		{6BD76D8C-0DA6-43D4-B55C-BA607D78720A}.Release|Mixed Platforms.Build.0 = Release|Any CPU
		{6BD76D8C-0DA6-43D4-B55C-BA607D78720A}.Release|x86.ActiveCfg = Release|Any CPU
		{5845AEF3-A0EB-404D-BFC1-F07AB7E983AD}.Debug|Any CPU.ActiveCfg = Debug|Any CPU
		{5845AEF3-A0EB-404D-BFC1-F07AB7E983AD}.Debug|Any CPU.Build.0 = Debug|Any CPU
		{5845AEF3-A0EB-404D-BFC1-F07AB7E983AD}.Debug|Mixed Platforms.ActiveCfg = Debug|Any CPU
		{5845AEF3-A0EB-404D-BFC1-F07AB7E983AD}.Debug|Mixed Platforms.Build.0 = Debug|Any CPU
		{5845AEF3-A0EB-404D-BFC1-F07AB7E983AD}.Debug|x86.ActiveCfg = Debug|Any CPU
		{5845AEF3-A0EB-404D-BFC1-F07AB7E983AD}.Release|Any CPU.ActiveCfg = Release|Any CPU
		{5845AEF3-A0EB-404D-BFC1-F07AB7E983AD}.Release|Any CPU.Build.0 = Release|Any CPU
		{5845AEF3-A0EB-404D-BFC1-F07AB7E983AD}.Release|Mixed Platforms.ActiveCfg = Release|Any CPU
		{5845AEF3-A0EB-404D-BFC1-F07AB7E983AD}.Release|Mixed Platforms.Build.0 = Release|Any CPU
		{5845AEF3-A0EB-404D-BFC1-F07AB7E983AD}.Release|x86.ActiveCfg = Release|Any CPU
		{C80DB42E-C7EA-4CF4-9F23-564F86983D01}.Debug|Any CPU.ActiveCfg = Debug|Any CPU
		{C80DB42E-C7EA-4CF4-9F23-564F86983D01}.Debug|Any CPU.Build.0 = Debug|Any CPU
		{C80DB42E-C7EA-4CF4-9F23-564F86983D01}.Debug|Mixed Platforms.ActiveCfg = Debug|Any CPU
		{C80DB42E-C7EA-4CF4-9F23-564F86983D01}.Debug|Mixed Platforms.Build.0 = Debug|Any CPU
		{C80DB42E-C7EA-4CF4-9F23-564F86983D01}.Debug|x86.ActiveCfg = Debug|Any CPU
		{C80DB42E-C7EA-4CF4-9F23-564F86983D01}.Release|Any CPU.ActiveCfg = Release|Any CPU
		{C80DB42E-C7EA-4CF4-9F23-564F86983D01}.Release|Any CPU.Build.0 = Release|Any CPU
		{C80DB42E-C7EA-4CF4-9F23-564F86983D01}.Release|Mixed Platforms.ActiveCfg = Release|Any CPU
		{C80DB42E-C7EA-4CF4-9F23-564F86983D01}.Release|Mixed Platforms.Build.0 = Release|Any CPU
		{C80DB42E-C7EA-4CF4-9F23-564F86983D01}.Release|x86.ActiveCfg = Release|Any CPU
		{F8B5E73A-8AD4-430C-951D-26C77E0603FC}.Debug|Any CPU.ActiveCfg = Debug|Any CPU
		{F8B5E73A-8AD4-430C-951D-26C77E0603FC}.Debug|Any CPU.Build.0 = Debug|Any CPU
		{F8B5E73A-8AD4-430C-951D-26C77E0603FC}.Debug|Mixed Platforms.ActiveCfg = Debug|Any CPU
		{F8B5E73A-8AD4-430C-951D-26C77E0603FC}.Debug|Mixed Platforms.Build.0 = Debug|Any CPU
		{F8B5E73A-8AD4-430C-951D-26C77E0603FC}.Debug|x86.ActiveCfg = Debug|Any CPU
		{F8B5E73A-8AD4-430C-951D-26C77E0603FC}.Release|Any CPU.ActiveCfg = Release|Any CPU
		{F8B5E73A-8AD4-430C-951D-26C77E0603FC}.Release|Any CPU.Build.0 = Release|Any CPU
		{F8B5E73A-8AD4-430C-951D-26C77E0603FC}.Release|Mixed Platforms.ActiveCfg = Release|Any CPU
		{F8B5E73A-8AD4-430C-951D-26C77E0603FC}.Release|Mixed Platforms.Build.0 = Release|Any CPU
		{F8B5E73A-8AD4-430C-951D-26C77E0603FC}.Release|x86.ActiveCfg = Release|Any CPU
		{1577E94B-E43A-4C2B-A51A-52C8602108B0}.Debug|Any CPU.ActiveCfg = Debug|Any CPU
		{1577E94B-E43A-4C2B-A51A-52C8602108B0}.Debug|Any CPU.Build.0 = Debug|Any CPU
		{1577E94B-E43A-4C2B-A51A-52C8602108B0}.Debug|Mixed Platforms.ActiveCfg = Debug|Any CPU
		{1577E94B-E43A-4C2B-A51A-52C8602108B0}.Debug|Mixed Platforms.Build.0 = Debug|Any CPU
		{1577E94B-E43A-4C2B-A51A-52C8602108B0}.Debug|x86.ActiveCfg = Debug|Any CPU
		{1577E94B-E43A-4C2B-A51A-52C8602108B0}.Release|Any CPU.ActiveCfg = Release|Any CPU
		{1577E94B-E43A-4C2B-A51A-52C8602108B0}.Release|Any CPU.Build.0 = Release|Any CPU
		{1577E94B-E43A-4C2B-A51A-52C8602108B0}.Release|Mixed Platforms.ActiveCfg = Release|Any CPU
		{1577E94B-E43A-4C2B-A51A-52C8602108B0}.Release|Mixed Platforms.Build.0 = Release|Any CPU
		{1577E94B-E43A-4C2B-A51A-52C8602108B0}.Release|x86.ActiveCfg = Release|Any CPU
		{8FD9298A-E6A2-4F69-B39F-D7064CF0B7D8}.Debug|Any CPU.ActiveCfg = Debug|x86
		{8FD9298A-E6A2-4F69-B39F-D7064CF0B7D8}.Debug|Mixed Platforms.ActiveCfg = Debug|x86
		{8FD9298A-E6A2-4F69-B39F-D7064CF0B7D8}.Debug|Mixed Platforms.Build.0 = Debug|x86
		{8FD9298A-E6A2-4F69-B39F-D7064CF0B7D8}.Debug|x86.ActiveCfg = Debug|x86
		{8FD9298A-E6A2-4F69-B39F-D7064CF0B7D8}.Debug|x86.Build.0 = Debug|x86
		{8FD9298A-E6A2-4F69-B39F-D7064CF0B7D8}.Release|Any CPU.ActiveCfg = Release|x86
		{8FD9298A-E6A2-4F69-B39F-D7064CF0B7D8}.Release|Mixed Platforms.ActiveCfg = Release|x86
		{8FD9298A-E6A2-4F69-B39F-D7064CF0B7D8}.Release|Mixed Platforms.Build.0 = Release|x86
		{8FD9298A-E6A2-4F69-B39F-D7064CF0B7D8}.Release|x86.ActiveCfg = Release|x86
		{8FD9298A-E6A2-4F69-B39F-D7064CF0B7D8}.Release|x86.Build.0 = Release|x86
	EndGlobalSection
	GlobalSection(SolutionProperties) = preSolution
		HideSolutionNode = FALSE
	EndGlobalSection
EndGlobal
