
Microsoft Visual Studio Solution File, Format Version 12.00
# Visual Studio Version 16
VisualStudioVersion = 16.0.29911.84
MinimumVisualStudioVersion = 10.0.40219.1
Project("{2150E333-8FDC-42A3-9474-1A3956D46DE8}") = "Common", "Common", "{42E2A847-0945-4351-A57E-591539FBBD57}"
	ProjectSection(SolutionItems) = preProject
		JetBrains.Annotations.cs = JetBrains.Annotations.cs
		..\license.md = ..\license.md
	EndProjectSection
EndProject
Project("{2150E333-8FDC-42A3-9474-1A3956D46DE8}") = "Test", "Test", "{8168997C-EF7C-4B90-8408-F79A33EF63AC}"
EndProject
Project("{2150E333-8FDC-42A3-9474-1A3956D46DE8}") = "Sample", "Sample", "{270D176B-32CF-4794-A215-CF1D77615257}"
EndProject
Project("{9A19103F-16F7-4668-BE54-9A1E7A4F7556}") = "Plethora.Common", "Plethora.Common\Plethora.Common.csproj", "{BB597C8F-CDF3-4D00-855E-B3CC2AE55C23}"
EndProject
Project("{9A19103F-16F7-4668-BE54-9A1E7A4F7556}") = "Plethora.Test.Common", "Test\Plethora.Test.Common\Plethora.Test.Common.csproj", "{E30065D9-0856-4A05-A737-B02A71F37669}"
EndProject
Project("{9A19103F-16F7-4668-BE54-9A1E7A4F7556}") = "Plethora.Mvvm", "Plethora.Mvvm\Plethora.Mvvm.csproj", "{1E27AB8D-6865-403F-80AE-A4C19E95A0FA}"
EndProject
Project("{9A19103F-16F7-4668-BE54-9A1E7A4F7556}") = "Plethora.Test.Mvvm", "Test\Plethora.Test.Mvvm\Plethora.Test.Mvvm.csproj", "{A71928A6-A7EA-479C-8EE9-D3B299C188C5}"
EndProject
Project("{9A19103F-16F7-4668-BE54-9A1E7A4F7556}") = "Plethora.Xaml.Common", "Plethora.Xaml.Common\Plethora.Xaml.Common.csproj", "{525C755F-C43A-4048-B84E-E061B4F16315}"
EndProject
Project("{FAE04EC0-301F-11D3-BF4B-00C04F79EFBC}") = "Plethora.Xaml.Uwp", "Plethora.Xaml.Uwp\Plethora.Xaml.Uwp.csproj", "{11D071A5-2FE1-49D2-9370-8111833B7235}"
EndProject
Project("{9A19103F-16F7-4668-BE54-9A1E7A4F7556}") = "Plethora.Xaml.Wpf", "Plethora.Xaml.Wpf\Plethora.Xaml.Wpf.csproj", "{0586B8E9-17E6-4B73-8B3D-DA78F40978F4}"
EndProject
Project("{9A19103F-16F7-4668-BE54-9A1E7A4F7556}") = "Plethora.Test.Xaml.Wpf", "Test\Plethora.Test.Xaml.Wpf\Plethora.Test.Xaml.Wpf.csproj", "{EAB4DEAA-B993-40C1-BCAE-D8F3D4C3D160}"
EndProject
Project("{9A19103F-16F7-4668-BE54-9A1E7A4F7556}") = "Plethora.Data", "Plethora.Data\Plethora.Data.csproj", "{FA1B5D44-4FB7-4B7B-8D5F-0B3039C0E504}"
EndProject
Project("{9A19103F-16F7-4668-BE54-9A1E7A4F7556}") = "Plethora.Data.SqlClient", "Plethora.Data.SqlClient\Plethora.Data.SqlClient.csproj", "{FBA66098-7AF1-4239-BA7C-74F91FA341A6}"
EndProject
Project("{9A19103F-16F7-4668-BE54-9A1E7A4F7556}") = "Plethora.Test.Data", "Test\Plethora.Test.Data\Plethora.Test.Data.csproj", "{987D1CEE-80CF-4F4B-AFE9-155AEC37D3AE}"
EndProject
Project("{9A19103F-16F7-4668-BE54-9A1E7A4F7556}") = "Plethora.Context", "Plethora.Context\Plethora.Context.csproj", "{7952A3CF-39D9-4CF2-9EB8-A0FF82781F6C}"
EndProject
Project("{9A19103F-16F7-4668-BE54-9A1E7A4F7556}") = "Plethora.Test.Context", "Test\Plethora.Test.Context\Plethora.Test.Context.csproj", "{450D8492-6F8F-4289-8D5A-40CA762E1FAC}"
EndProject
Project("{9A19103F-16F7-4668-BE54-9A1E7A4F7556}") = "Plethora.Context.Xaml.Wpf", "Plethora.Context.Xaml.Wpf\Plethora.Context.Xaml.Wpf.csproj", "{5E454E70-289F-4BFD-BEAA-F003B14B869E}"
EndProject
Project("{FAE04EC0-301F-11D3-BF4B-00C04F79EFBC}") = "Plethora.Context.Xaml.Uwp", "Plethora.Context.Xaml.Uwp\Plethora.Context.Xaml.Uwp.csproj", "{54C0BBAC-BBEE-47E7-9B10-4FA1D3026BCE}"
EndProject
Project("{9A19103F-16F7-4668-BE54-9A1E7A4F7556}") = "Plethora.Context.Xaml.Wpf.Sample", "Sample\Plethora.Context.Xaml.Wpf.Sample\Plethora.Context.Xaml.Wpf.Sample.csproj", "{7B4E9E45-FCE4-4570-B53B-957388F5D548}"
EndProject
Project("{FAE04EC0-301F-11D3-BF4B-00C04F79EFBC}") = "Plethora.Context.Xaml.Uwp.Sample", "Sample\Plethora.Context.Xaml.Uwp.Sample\Plethora.Context.Xaml.Uwp.Sample.csproj", "{38B21AB4-6637-4851-BC54-87F3F7A2F4DB}"
EndProject
Project("{9A19103F-16F7-4668-BE54-9A1E7A4F7556}") = "Plethora.Finance", "Plethora.Finance\Plethora.Finance.csproj", "{6DD9F960-02A1-4CFD-A8F6-458A9F4736FC}"
EndProject
Project("{9A19103F-16F7-4668-BE54-9A1E7A4F7556}") = "Plethora.Test.Finance", "Test\Plethora.Test.Finance\Plethora.Test.Finance.csproj", "{3F9BA746-6B8A-4D54-827F-1704510414DC}"
EndProject
Project("{9A19103F-16F7-4668-BE54-9A1E7A4F7556}") = "Plethora.Workflow", "Plethora.Workflow\Plethora.Workflow.csproj", "{922B5F04-7696-49FF-B232-D0E99662EBB4}"
EndProject
Project("{9A19103F-16F7-4668-BE54-9A1E7A4F7556}") = "Plethora.Workflow.SqlClient", "Plethora.Workflow.SqlClient\Plethora.Workflow.SqlClient.csproj", "{1107B720-219B-4D5D-9283-5D0A6E01627E}"
EndProject
Project("{9A19103F-16F7-4668-BE54-9A1E7A4F7556}") = "Plethora.Workflow.Sample", "Sample\Plethora.Workflow.Sample\Plethora.Workflow.Sample.csproj", "{D7964808-171F-4B4C-984C-8980F51BD17A}"
EndProject
Project("{9A19103F-16F7-4668-BE54-9A1E7A4F7556}") = "Plethora.Cache", "Plethora.Cache\Plethora.Cache.csproj", "{D7A9C1C1-2F99-4075-8B4A-027A9E95A409}"
EndProject
Project("{9A19103F-16F7-4668-BE54-9A1E7A4F7556}") = "Plethora.Cache.Sample", "Sample\Plethora.Cache.Sample\Plethora.Cache.Sample.csproj", "{F8B5E73A-8AD4-430C-951D-26C77E0603FC}"
EndProject
Project("{9A19103F-16F7-4668-BE54-9A1E7A4F7556}") = "Plethora.Test.Cache", "Test\Plethora.Test.Cache\Plethora.Test.Cache.csproj", "{EB458FE8-2904-487B-9CC7-EB2691DD85D6}"
EndProject
Project("{9A19103F-16F7-4668-BE54-9A1E7A4F7556}") = "Plethora.fqi", "Plethora.fqi\Plethora.fqi.csproj", "{80C1A3A6-EB28-4B2F-94C0-C3014073F95E}"
EndProject
Project("{9A19103F-16F7-4668-BE54-9A1E7A4F7556}") = "Plethora.Test.fqi", "Test\Plethora.Test.fqi\Plethora.Test.fqi.csproj", "{5845AEF3-A0EB-404D-BFC1-F07AB7E983AD}"
EndProject
Project("{9A19103F-16F7-4668-BE54-9A1E7A4F7556}") = "Plethora.Logging.log4net", "Plethora.Logging.log4net\Plethora.Logging.log4net.csproj", "{A003AE53-E0AD-4F9A-A784-3F0B6D433085}"
EndProject
Project("{FAE04EC0-301F-11D3-BF4B-00C04F79EFBC}") = "Plethora.fqi.Sample", "Sample\Plethora.fqi.Sample\Plethora.fqi.Sample.csproj", "{6BD76D8C-0DA6-43D4-B55C-BA607D78720A}"
EndProject
Global
	GlobalSection(SolutionConfigurationPlatforms) = preSolution
		Debug|Any CPU = Debug|Any CPU
		Debug|ARM = Debug|ARM
		Debug|ARM64 = Debug|ARM64
		Debug|x64 = Debug|x64
		Debug|x86 = Debug|x86
		Release|Any CPU = Release|Any CPU
		Release|ARM = Release|ARM
		Release|ARM64 = Release|ARM64
		Release|x64 = Release|x64
		Release|x86 = Release|x86
	EndGlobalSection
	GlobalSection(ProjectConfigurationPlatforms) = postSolution
		{BB597C8F-CDF3-4D00-855E-B3CC2AE55C23}.Debug|Any CPU.ActiveCfg = Debug|Any CPU
		{BB597C8F-CDF3-4D00-855E-B3CC2AE55C23}.Debug|Any CPU.Build.0 = Debug|Any CPU
		{BB597C8F-CDF3-4D00-855E-B3CC2AE55C23}.Debug|ARM.ActiveCfg = Debug|Any CPU
		{BB597C8F-CDF3-4D00-855E-B3CC2AE55C23}.Debug|ARM.Build.0 = Debug|Any CPU
		{BB597C8F-CDF3-4D00-855E-B3CC2AE55C23}.Debug|ARM64.ActiveCfg = Debug|Any CPU
		{BB597C8F-CDF3-4D00-855E-B3CC2AE55C23}.Debug|ARM64.Build.0 = Debug|Any CPU
		{BB597C8F-CDF3-4D00-855E-B3CC2AE55C23}.Debug|x64.ActiveCfg = Debug|Any CPU
		{BB597C8F-CDF3-4D00-855E-B3CC2AE55C23}.Debug|x64.Build.0 = Debug|Any CPU
		{BB597C8F-CDF3-4D00-855E-B3CC2AE55C23}.Debug|x86.ActiveCfg = Debug|Any CPU
		{BB597C8F-CDF3-4D00-855E-B3CC2AE55C23}.Debug|x86.Build.0 = Debug|Any CPU
		{BB597C8F-CDF3-4D00-855E-B3CC2AE55C23}.Release|Any CPU.ActiveCfg = Release|Any CPU
		{BB597C8F-CDF3-4D00-855E-B3CC2AE55C23}.Release|Any CPU.Build.0 = Release|Any CPU
		{BB597C8F-CDF3-4D00-855E-B3CC2AE55C23}.Release|ARM.ActiveCfg = Release|Any CPU
		{BB597C8F-CDF3-4D00-855E-B3CC2AE55C23}.Release|ARM.Build.0 = Release|Any CPU
		{BB597C8F-CDF3-4D00-855E-B3CC2AE55C23}.Release|ARM64.ActiveCfg = Release|Any CPU
		{BB597C8F-CDF3-4D00-855E-B3CC2AE55C23}.Release|ARM64.Build.0 = Release|Any CPU
		{BB597C8F-CDF3-4D00-855E-B3CC2AE55C23}.Release|x64.ActiveCfg = Release|Any CPU
		{BB597C8F-CDF3-4D00-855E-B3CC2AE55C23}.Release|x64.Build.0 = Release|Any CPU
		{BB597C8F-CDF3-4D00-855E-B3CC2AE55C23}.Release|x86.ActiveCfg = Release|Any CPU
		{BB597C8F-CDF3-4D00-855E-B3CC2AE55C23}.Release|x86.Build.0 = Release|Any CPU
		{E30065D9-0856-4A05-A737-B02A71F37669}.Debug|Any CPU.ActiveCfg = Debug|Any CPU
		{E30065D9-0856-4A05-A737-B02A71F37669}.Debug|Any CPU.Build.0 = Debug|Any CPU
		{E30065D9-0856-4A05-A737-B02A71F37669}.Debug|ARM.ActiveCfg = Debug|Any CPU
		{E30065D9-0856-4A05-A737-B02A71F37669}.Debug|ARM.Build.0 = Debug|Any CPU
		{E30065D9-0856-4A05-A737-B02A71F37669}.Debug|ARM64.ActiveCfg = Debug|Any CPU
		{E30065D9-0856-4A05-A737-B02A71F37669}.Debug|ARM64.Build.0 = Debug|Any CPU
		{E30065D9-0856-4A05-A737-B02A71F37669}.Debug|x64.ActiveCfg = Debug|Any CPU
		{E30065D9-0856-4A05-A737-B02A71F37669}.Debug|x64.Build.0 = Debug|Any CPU
		{E30065D9-0856-4A05-A737-B02A71F37669}.Debug|x86.ActiveCfg = Debug|Any CPU
		{E30065D9-0856-4A05-A737-B02A71F37669}.Debug|x86.Build.0 = Debug|Any CPU
		{E30065D9-0856-4A05-A737-B02A71F37669}.Release|Any CPU.ActiveCfg = Release|Any CPU
		{E30065D9-0856-4A05-A737-B02A71F37669}.Release|Any CPU.Build.0 = Release|Any CPU
		{E30065D9-0856-4A05-A737-B02A71F37669}.Release|ARM.ActiveCfg = Release|Any CPU
		{E30065D9-0856-4A05-A737-B02A71F37669}.Release|ARM.Build.0 = Release|Any CPU
		{E30065D9-0856-4A05-A737-B02A71F37669}.Release|ARM64.ActiveCfg = Release|Any CPU
		{E30065D9-0856-4A05-A737-B02A71F37669}.Release|ARM64.Build.0 = Release|Any CPU
		{E30065D9-0856-4A05-A737-B02A71F37669}.Release|x64.ActiveCfg = Release|Any CPU
		{E30065D9-0856-4A05-A737-B02A71F37669}.Release|x64.Build.0 = Release|Any CPU
		{E30065D9-0856-4A05-A737-B02A71F37669}.Release|x86.ActiveCfg = Release|Any CPU
		{E30065D9-0856-4A05-A737-B02A71F37669}.Release|x86.Build.0 = Release|Any CPU
		{1E27AB8D-6865-403F-80AE-A4C19E95A0FA}.Debug|Any CPU.ActiveCfg = Debug|Any CPU
		{1E27AB8D-6865-403F-80AE-A4C19E95A0FA}.Debug|Any CPU.Build.0 = Debug|Any CPU
		{1E27AB8D-6865-403F-80AE-A4C19E95A0FA}.Debug|ARM.ActiveCfg = Debug|Any CPU
		{1E27AB8D-6865-403F-80AE-A4C19E95A0FA}.Debug|ARM.Build.0 = Debug|Any CPU
		{1E27AB8D-6865-403F-80AE-A4C19E95A0FA}.Debug|ARM64.ActiveCfg = Debug|Any CPU
		{1E27AB8D-6865-403F-80AE-A4C19E95A0FA}.Debug|ARM64.Build.0 = Debug|Any CPU
		{1E27AB8D-6865-403F-80AE-A4C19E95A0FA}.Debug|x64.ActiveCfg = Debug|Any CPU
		{1E27AB8D-6865-403F-80AE-A4C19E95A0FA}.Debug|x64.Build.0 = Debug|Any CPU
		{1E27AB8D-6865-403F-80AE-A4C19E95A0FA}.Debug|x86.ActiveCfg = Debug|Any CPU
		{1E27AB8D-6865-403F-80AE-A4C19E95A0FA}.Debug|x86.Build.0 = Debug|Any CPU
		{1E27AB8D-6865-403F-80AE-A4C19E95A0FA}.Release|Any CPU.ActiveCfg = Release|Any CPU
		{1E27AB8D-6865-403F-80AE-A4C19E95A0FA}.Release|Any CPU.Build.0 = Release|Any CPU
		{1E27AB8D-6865-403F-80AE-A4C19E95A0FA}.Release|ARM.ActiveCfg = Release|Any CPU
		{1E27AB8D-6865-403F-80AE-A4C19E95A0FA}.Release|ARM.Build.0 = Release|Any CPU
		{1E27AB8D-6865-403F-80AE-A4C19E95A0FA}.Release|ARM64.ActiveCfg = Release|Any CPU
		{1E27AB8D-6865-403F-80AE-A4C19E95A0FA}.Release|ARM64.Build.0 = Release|Any CPU
		{1E27AB8D-6865-403F-80AE-A4C19E95A0FA}.Release|x64.ActiveCfg = Release|Any CPU
		{1E27AB8D-6865-403F-80AE-A4C19E95A0FA}.Release|x64.Build.0 = Release|Any CPU
		{1E27AB8D-6865-403F-80AE-A4C19E95A0FA}.Release|x86.ActiveCfg = Release|Any CPU
		{1E27AB8D-6865-403F-80AE-A4C19E95A0FA}.Release|x86.Build.0 = Release|Any CPU
		{A71928A6-A7EA-479C-8EE9-D3B299C188C5}.Debug|Any CPU.ActiveCfg = Debug|Any CPU
		{A71928A6-A7EA-479C-8EE9-D3B299C188C5}.Debug|Any CPU.Build.0 = Debug|Any CPU
		{A71928A6-A7EA-479C-8EE9-D3B299C188C5}.Debug|ARM.ActiveCfg = Debug|Any CPU
		{A71928A6-A7EA-479C-8EE9-D3B299C188C5}.Debug|ARM.Build.0 = Debug|Any CPU
		{A71928A6-A7EA-479C-8EE9-D3B299C188C5}.Debug|ARM64.ActiveCfg = Debug|Any CPU
		{A71928A6-A7EA-479C-8EE9-D3B299C188C5}.Debug|ARM64.Build.0 = Debug|Any CPU
		{A71928A6-A7EA-479C-8EE9-D3B299C188C5}.Debug|x64.ActiveCfg = Debug|Any CPU
		{A71928A6-A7EA-479C-8EE9-D3B299C188C5}.Debug|x64.Build.0 = Debug|Any CPU
		{A71928A6-A7EA-479C-8EE9-D3B299C188C5}.Debug|x86.ActiveCfg = Debug|Any CPU
		{A71928A6-A7EA-479C-8EE9-D3B299C188C5}.Debug|x86.Build.0 = Debug|Any CPU
		{A71928A6-A7EA-479C-8EE9-D3B299C188C5}.Release|Any CPU.ActiveCfg = Release|Any CPU
		{A71928A6-A7EA-479C-8EE9-D3B299C188C5}.Release|Any CPU.Build.0 = Release|Any CPU
		{A71928A6-A7EA-479C-8EE9-D3B299C188C5}.Release|ARM.ActiveCfg = Release|Any CPU
		{A71928A6-A7EA-479C-8EE9-D3B299C188C5}.Release|ARM.Build.0 = Release|Any CPU
		{A71928A6-A7EA-479C-8EE9-D3B299C188C5}.Release|ARM64.ActiveCfg = Release|Any CPU
		{A71928A6-A7EA-479C-8EE9-D3B299C188C5}.Release|ARM64.Build.0 = Release|Any CPU
		{A71928A6-A7EA-479C-8EE9-D3B299C188C5}.Release|x64.ActiveCfg = Release|Any CPU
		{A71928A6-A7EA-479C-8EE9-D3B299C188C5}.Release|x64.Build.0 = Release|Any CPU
		{A71928A6-A7EA-479C-8EE9-D3B299C188C5}.Release|x86.ActiveCfg = Release|Any CPU
		{A71928A6-A7EA-479C-8EE9-D3B299C188C5}.Release|x86.Build.0 = Release|Any CPU
		{525C755F-C43A-4048-B84E-E061B4F16315}.Debug|Any CPU.ActiveCfg = Debug|Any CPU
		{525C755F-C43A-4048-B84E-E061B4F16315}.Debug|Any CPU.Build.0 = Debug|Any CPU
		{525C755F-C43A-4048-B84E-E061B4F16315}.Debug|ARM.ActiveCfg = Debug|Any CPU
		{525C755F-C43A-4048-B84E-E061B4F16315}.Debug|ARM.Build.0 = Debug|Any CPU
		{525C755F-C43A-4048-B84E-E061B4F16315}.Debug|ARM64.ActiveCfg = Debug|Any CPU
		{525C755F-C43A-4048-B84E-E061B4F16315}.Debug|ARM64.Build.0 = Debug|Any CPU
		{525C755F-C43A-4048-B84E-E061B4F16315}.Debug|x64.ActiveCfg = Debug|Any CPU
		{525C755F-C43A-4048-B84E-E061B4F16315}.Debug|x64.Build.0 = Debug|Any CPU
		{525C755F-C43A-4048-B84E-E061B4F16315}.Debug|x86.ActiveCfg = Debug|Any CPU
		{525C755F-C43A-4048-B84E-E061B4F16315}.Debug|x86.Build.0 = Debug|Any CPU
		{525C755F-C43A-4048-B84E-E061B4F16315}.Release|Any CPU.ActiveCfg = Release|Any CPU
		{525C755F-C43A-4048-B84E-E061B4F16315}.Release|Any CPU.Build.0 = Release|Any CPU
		{525C755F-C43A-4048-B84E-E061B4F16315}.Release|ARM.ActiveCfg = Release|Any CPU
		{525C755F-C43A-4048-B84E-E061B4F16315}.Release|ARM.Build.0 = Release|Any CPU
		{525C755F-C43A-4048-B84E-E061B4F16315}.Release|ARM64.ActiveCfg = Release|Any CPU
		{525C755F-C43A-4048-B84E-E061B4F16315}.Release|ARM64.Build.0 = Release|Any CPU
		{525C755F-C43A-4048-B84E-E061B4F16315}.Release|x64.ActiveCfg = Release|Any CPU
		{525C755F-C43A-4048-B84E-E061B4F16315}.Release|x64.Build.0 = Release|Any CPU
		{525C755F-C43A-4048-B84E-E061B4F16315}.Release|x86.ActiveCfg = Release|Any CPU
		{525C755F-C43A-4048-B84E-E061B4F16315}.Release|x86.Build.0 = Release|Any CPU
		{11D071A5-2FE1-49D2-9370-8111833B7235}.Debug|Any CPU.ActiveCfg = Debug|Any CPU
		{11D071A5-2FE1-49D2-9370-8111833B7235}.Debug|Any CPU.Build.0 = Debug|Any CPU
		{11D071A5-2FE1-49D2-9370-8111833B7235}.Debug|ARM.ActiveCfg = Debug|ARM
		{11D071A5-2FE1-49D2-9370-8111833B7235}.Debug|ARM.Build.0 = Debug|ARM
		{11D071A5-2FE1-49D2-9370-8111833B7235}.Debug|ARM64.ActiveCfg = Debug|ARM64
		{11D071A5-2FE1-49D2-9370-8111833B7235}.Debug|ARM64.Build.0 = Debug|ARM64
		{11D071A5-2FE1-49D2-9370-8111833B7235}.Debug|x64.ActiveCfg = Debug|x64
		{11D071A5-2FE1-49D2-9370-8111833B7235}.Debug|x64.Build.0 = Debug|x64
		{11D071A5-2FE1-49D2-9370-8111833B7235}.Debug|x86.ActiveCfg = Debug|x86
		{11D071A5-2FE1-49D2-9370-8111833B7235}.Debug|x86.Build.0 = Debug|x86
		{11D071A5-2FE1-49D2-9370-8111833B7235}.Release|Any CPU.ActiveCfg = Release|Any CPU
		{11D071A5-2FE1-49D2-9370-8111833B7235}.Release|Any CPU.Build.0 = Release|Any CPU
		{11D071A5-2FE1-49D2-9370-8111833B7235}.Release|ARM.ActiveCfg = Release|ARM
		{11D071A5-2FE1-49D2-9370-8111833B7235}.Release|ARM.Build.0 = Release|ARM
		{11D071A5-2FE1-49D2-9370-8111833B7235}.Release|ARM64.ActiveCfg = Release|ARM64
		{11D071A5-2FE1-49D2-9370-8111833B7235}.Release|ARM64.Build.0 = Release|ARM64
		{11D071A5-2FE1-49D2-9370-8111833B7235}.Release|x64.ActiveCfg = Release|x64
		{11D071A5-2FE1-49D2-9370-8111833B7235}.Release|x64.Build.0 = Release|x64
		{11D071A5-2FE1-49D2-9370-8111833B7235}.Release|x86.ActiveCfg = Release|x86
		{11D071A5-2FE1-49D2-9370-8111833B7235}.Release|x86.Build.0 = Release|x86
		{0586B8E9-17E6-4B73-8B3D-DA78F40978F4}.Debug|Any CPU.ActiveCfg = Debug|Any CPU
		{0586B8E9-17E6-4B73-8B3D-DA78F40978F4}.Debug|Any CPU.Build.0 = Debug|Any CPU
		{0586B8E9-17E6-4B73-8B3D-DA78F40978F4}.Debug|ARM.ActiveCfg = Debug|Any CPU
		{0586B8E9-17E6-4B73-8B3D-DA78F40978F4}.Debug|ARM.Build.0 = Debug|Any CPU
		{0586B8E9-17E6-4B73-8B3D-DA78F40978F4}.Debug|ARM64.ActiveCfg = Debug|Any CPU
		{0586B8E9-17E6-4B73-8B3D-DA78F40978F4}.Debug|ARM64.Build.0 = Debug|Any CPU
		{0586B8E9-17E6-4B73-8B3D-DA78F40978F4}.Debug|x64.ActiveCfg = Debug|Any CPU
		{0586B8E9-17E6-4B73-8B3D-DA78F40978F4}.Debug|x64.Build.0 = Debug|Any CPU
		{0586B8E9-17E6-4B73-8B3D-DA78F40978F4}.Debug|x86.ActiveCfg = Debug|Any CPU
		{0586B8E9-17E6-4B73-8B3D-DA78F40978F4}.Debug|x86.Build.0 = Debug|Any CPU
		{0586B8E9-17E6-4B73-8B3D-DA78F40978F4}.Release|Any CPU.ActiveCfg = Release|Any CPU
		{0586B8E9-17E6-4B73-8B3D-DA78F40978F4}.Release|Any CPU.Build.0 = Release|Any CPU
		{0586B8E9-17E6-4B73-8B3D-DA78F40978F4}.Release|ARM.ActiveCfg = Release|Any CPU
		{0586B8E9-17E6-4B73-8B3D-DA78F40978F4}.Release|ARM.Build.0 = Release|Any CPU
		{0586B8E9-17E6-4B73-8B3D-DA78F40978F4}.Release|ARM64.ActiveCfg = Release|Any CPU
		{0586B8E9-17E6-4B73-8B3D-DA78F40978F4}.Release|ARM64.Build.0 = Release|Any CPU
		{0586B8E9-17E6-4B73-8B3D-DA78F40978F4}.Release|x64.ActiveCfg = Release|Any CPU
		{0586B8E9-17E6-4B73-8B3D-DA78F40978F4}.Release|x64.Build.0 = Release|Any CPU
		{0586B8E9-17E6-4B73-8B3D-DA78F40978F4}.Release|x86.ActiveCfg = Release|Any CPU
		{0586B8E9-17E6-4B73-8B3D-DA78F40978F4}.Release|x86.Build.0 = Release|Any CPU
		{EAB4DEAA-B993-40C1-BCAE-D8F3D4C3D160}.Debug|Any CPU.ActiveCfg = Debug|Any CPU
		{EAB4DEAA-B993-40C1-BCAE-D8F3D4C3D160}.Debug|Any CPU.Build.0 = Debug|Any CPU
		{EAB4DEAA-B993-40C1-BCAE-D8F3D4C3D160}.Debug|ARM.ActiveCfg = Debug|Any CPU
		{EAB4DEAA-B993-40C1-BCAE-D8F3D4C3D160}.Debug|ARM.Build.0 = Debug|Any CPU
		{EAB4DEAA-B993-40C1-BCAE-D8F3D4C3D160}.Debug|ARM64.ActiveCfg = Debug|Any CPU
		{EAB4DEAA-B993-40C1-BCAE-D8F3D4C3D160}.Debug|ARM64.Build.0 = Debug|Any CPU
		{EAB4DEAA-B993-40C1-BCAE-D8F3D4C3D160}.Debug|x64.ActiveCfg = Debug|Any CPU
		{EAB4DEAA-B993-40C1-BCAE-D8F3D4C3D160}.Debug|x64.Build.0 = Debug|Any CPU
		{EAB4DEAA-B993-40C1-BCAE-D8F3D4C3D160}.Debug|x86.ActiveCfg = Debug|Any CPU
		{EAB4DEAA-B993-40C1-BCAE-D8F3D4C3D160}.Debug|x86.Build.0 = Debug|Any CPU
		{EAB4DEAA-B993-40C1-BCAE-D8F3D4C3D160}.Release|Any CPU.ActiveCfg = Release|Any CPU
		{EAB4DEAA-B993-40C1-BCAE-D8F3D4C3D160}.Release|Any CPU.Build.0 = Release|Any CPU
		{EAB4DEAA-B993-40C1-BCAE-D8F3D4C3D160}.Release|ARM.ActiveCfg = Release|Any CPU
		{EAB4DEAA-B993-40C1-BCAE-D8F3D4C3D160}.Release|ARM.Build.0 = Release|Any CPU
		{EAB4DEAA-B993-40C1-BCAE-D8F3D4C3D160}.Release|ARM64.ActiveCfg = Release|Any CPU
		{EAB4DEAA-B993-40C1-BCAE-D8F3D4C3D160}.Release|ARM64.Build.0 = Release|Any CPU
		{EAB4DEAA-B993-40C1-BCAE-D8F3D4C3D160}.Release|x64.ActiveCfg = Release|Any CPU
		{EAB4DEAA-B993-40C1-BCAE-D8F3D4C3D160}.Release|x64.Build.0 = Release|Any CPU
		{EAB4DEAA-B993-40C1-BCAE-D8F3D4C3D160}.Release|x86.ActiveCfg = Release|Any CPU
		{EAB4DEAA-B993-40C1-BCAE-D8F3D4C3D160}.Release|x86.Build.0 = Release|Any CPU
		{FA1B5D44-4FB7-4B7B-8D5F-0B3039C0E504}.Debug|Any CPU.ActiveCfg = Debug|Any CPU
		{FA1B5D44-4FB7-4B7B-8D5F-0B3039C0E504}.Debug|Any CPU.Build.0 = Debug|Any CPU
		{FA1B5D44-4FB7-4B7B-8D5F-0B3039C0E504}.Debug|ARM.ActiveCfg = Debug|Any CPU
		{FA1B5D44-4FB7-4B7B-8D5F-0B3039C0E504}.Debug|ARM.Build.0 = Debug|Any CPU
		{FA1B5D44-4FB7-4B7B-8D5F-0B3039C0E504}.Debug|ARM64.ActiveCfg = Debug|Any CPU
		{FA1B5D44-4FB7-4B7B-8D5F-0B3039C0E504}.Debug|ARM64.Build.0 = Debug|Any CPU
		{FA1B5D44-4FB7-4B7B-8D5F-0B3039C0E504}.Debug|x64.ActiveCfg = Debug|Any CPU
		{FA1B5D44-4FB7-4B7B-8D5F-0B3039C0E504}.Debug|x64.Build.0 = Debug|Any CPU
		{FA1B5D44-4FB7-4B7B-8D5F-0B3039C0E504}.Debug|x86.ActiveCfg = Debug|Any CPU
		{FA1B5D44-4FB7-4B7B-8D5F-0B3039C0E504}.Debug|x86.Build.0 = Debug|Any CPU
		{FA1B5D44-4FB7-4B7B-8D5F-0B3039C0E504}.Release|Any CPU.ActiveCfg = Release|Any CPU
		{FA1B5D44-4FB7-4B7B-8D5F-0B3039C0E504}.Release|Any CPU.Build.0 = Release|Any CPU
		{FA1B5D44-4FB7-4B7B-8D5F-0B3039C0E504}.Release|ARM.ActiveCfg = Release|Any CPU
		{FA1B5D44-4FB7-4B7B-8D5F-0B3039C0E504}.Release|ARM.Build.0 = Release|Any CPU
		{FA1B5D44-4FB7-4B7B-8D5F-0B3039C0E504}.Release|ARM64.ActiveCfg = Release|Any CPU
		{FA1B5D44-4FB7-4B7B-8D5F-0B3039C0E504}.Release|ARM64.Build.0 = Release|Any CPU
		{FA1B5D44-4FB7-4B7B-8D5F-0B3039C0E504}.Release|x64.ActiveCfg = Release|Any CPU
		{FA1B5D44-4FB7-4B7B-8D5F-0B3039C0E504}.Release|x64.Build.0 = Release|Any CPU
		{FA1B5D44-4FB7-4B7B-8D5F-0B3039C0E504}.Release|x86.ActiveCfg = Release|Any CPU
		{FA1B5D44-4FB7-4B7B-8D5F-0B3039C0E504}.Release|x86.Build.0 = Release|Any CPU
		{FBA66098-7AF1-4239-BA7C-74F91FA341A6}.Debug|Any CPU.ActiveCfg = Debug|Any CPU
		{FBA66098-7AF1-4239-BA7C-74F91FA341A6}.Debug|Any CPU.Build.0 = Debug|Any CPU
		{FBA66098-7AF1-4239-BA7C-74F91FA341A6}.Debug|ARM.ActiveCfg = Debug|Any CPU
		{FBA66098-7AF1-4239-BA7C-74F91FA341A6}.Debug|ARM.Build.0 = Debug|Any CPU
		{FBA66098-7AF1-4239-BA7C-74F91FA341A6}.Debug|ARM64.ActiveCfg = Debug|Any CPU
		{FBA66098-7AF1-4239-BA7C-74F91FA341A6}.Debug|ARM64.Build.0 = Debug|Any CPU
		{FBA66098-7AF1-4239-BA7C-74F91FA341A6}.Debug|x64.ActiveCfg = Debug|Any CPU
		{FBA66098-7AF1-4239-BA7C-74F91FA341A6}.Debug|x64.Build.0 = Debug|Any CPU
		{FBA66098-7AF1-4239-BA7C-74F91FA341A6}.Debug|x86.ActiveCfg = Debug|Any CPU
		{FBA66098-7AF1-4239-BA7C-74F91FA341A6}.Debug|x86.Build.0 = Debug|Any CPU
		{FBA66098-7AF1-4239-BA7C-74F91FA341A6}.Release|Any CPU.ActiveCfg = Release|Any CPU
		{FBA66098-7AF1-4239-BA7C-74F91FA341A6}.Release|Any CPU.Build.0 = Release|Any CPU
		{FBA66098-7AF1-4239-BA7C-74F91FA341A6}.Release|ARM.ActiveCfg = Release|Any CPU
		{FBA66098-7AF1-4239-BA7C-74F91FA341A6}.Release|ARM.Build.0 = Release|Any CPU
		{FBA66098-7AF1-4239-BA7C-74F91FA341A6}.Release|ARM64.ActiveCfg = Release|Any CPU
		{FBA66098-7AF1-4239-BA7C-74F91FA341A6}.Release|ARM64.Build.0 = Release|Any CPU
		{FBA66098-7AF1-4239-BA7C-74F91FA341A6}.Release|x64.ActiveCfg = Release|Any CPU
		{FBA66098-7AF1-4239-BA7C-74F91FA341A6}.Release|x64.Build.0 = Release|Any CPU
		{FBA66098-7AF1-4239-BA7C-74F91FA341A6}.Release|x86.ActiveCfg = Release|Any CPU
		{FBA66098-7AF1-4239-BA7C-74F91FA341A6}.Release|x86.Build.0 = Release|Any CPU
		{987D1CEE-80CF-4F4B-AFE9-155AEC37D3AE}.Debug|Any CPU.ActiveCfg = Debug|Any CPU
		{987D1CEE-80CF-4F4B-AFE9-155AEC37D3AE}.Debug|Any CPU.Build.0 = Debug|Any CPU
		{987D1CEE-80CF-4F4B-AFE9-155AEC37D3AE}.Debug|ARM.ActiveCfg = Debug|Any CPU
		{987D1CEE-80CF-4F4B-AFE9-155AEC37D3AE}.Debug|ARM.Build.0 = Debug|Any CPU
		{987D1CEE-80CF-4F4B-AFE9-155AEC37D3AE}.Debug|ARM64.ActiveCfg = Debug|Any CPU
		{987D1CEE-80CF-4F4B-AFE9-155AEC37D3AE}.Debug|ARM64.Build.0 = Debug|Any CPU
		{987D1CEE-80CF-4F4B-AFE9-155AEC37D3AE}.Debug|x64.ActiveCfg = Debug|Any CPU
		{987D1CEE-80CF-4F4B-AFE9-155AEC37D3AE}.Debug|x64.Build.0 = Debug|Any CPU
		{987D1CEE-80CF-4F4B-AFE9-155AEC37D3AE}.Debug|x86.ActiveCfg = Debug|Any CPU
		{987D1CEE-80CF-4F4B-AFE9-155AEC37D3AE}.Debug|x86.Build.0 = Debug|Any CPU
		{987D1CEE-80CF-4F4B-AFE9-155AEC37D3AE}.Release|Any CPU.ActiveCfg = Release|Any CPU
		{987D1CEE-80CF-4F4B-AFE9-155AEC37D3AE}.Release|Any CPU.Build.0 = Release|Any CPU
		{987D1CEE-80CF-4F4B-AFE9-155AEC37D3AE}.Release|ARM.ActiveCfg = Release|Any CPU
		{987D1CEE-80CF-4F4B-AFE9-155AEC37D3AE}.Release|ARM.Build.0 = Release|Any CPU
		{987D1CEE-80CF-4F4B-AFE9-155AEC37D3AE}.Release|ARM64.ActiveCfg = Release|Any CPU
		{987D1CEE-80CF-4F4B-AFE9-155AEC37D3AE}.Release|ARM64.Build.0 = Release|Any CPU
		{987D1CEE-80CF-4F4B-AFE9-155AEC37D3AE}.Release|x64.ActiveCfg = Release|Any CPU
		{987D1CEE-80CF-4F4B-AFE9-155AEC37D3AE}.Release|x64.Build.0 = Release|Any CPU
		{987D1CEE-80CF-4F4B-AFE9-155AEC37D3AE}.Release|x86.ActiveCfg = Release|Any CPU
		{987D1CEE-80CF-4F4B-AFE9-155AEC37D3AE}.Release|x86.Build.0 = Release|Any CPU
		{7952A3CF-39D9-4CF2-9EB8-A0FF82781F6C}.Debug|Any CPU.ActiveCfg = Debug|Any CPU
		{7952A3CF-39D9-4CF2-9EB8-A0FF82781F6C}.Debug|Any CPU.Build.0 = Debug|Any CPU
		{7952A3CF-39D9-4CF2-9EB8-A0FF82781F6C}.Debug|ARM.ActiveCfg = Debug|Any CPU
		{7952A3CF-39D9-4CF2-9EB8-A0FF82781F6C}.Debug|ARM.Build.0 = Debug|Any CPU
		{7952A3CF-39D9-4CF2-9EB8-A0FF82781F6C}.Debug|ARM64.ActiveCfg = Debug|Any CPU
		{7952A3CF-39D9-4CF2-9EB8-A0FF82781F6C}.Debug|ARM64.Build.0 = Debug|Any CPU
		{7952A3CF-39D9-4CF2-9EB8-A0FF82781F6C}.Debug|x64.ActiveCfg = Debug|Any CPU
		{7952A3CF-39D9-4CF2-9EB8-A0FF82781F6C}.Debug|x64.Build.0 = Debug|Any CPU
		{7952A3CF-39D9-4CF2-9EB8-A0FF82781F6C}.Debug|x86.ActiveCfg = Debug|Any CPU
		{7952A3CF-39D9-4CF2-9EB8-A0FF82781F6C}.Debug|x86.Build.0 = Debug|Any CPU
		{7952A3CF-39D9-4CF2-9EB8-A0FF82781F6C}.Release|Any CPU.ActiveCfg = Release|Any CPU
		{7952A3CF-39D9-4CF2-9EB8-A0FF82781F6C}.Release|Any CPU.Build.0 = Release|Any CPU
		{7952A3CF-39D9-4CF2-9EB8-A0FF82781F6C}.Release|ARM.ActiveCfg = Release|Any CPU
		{7952A3CF-39D9-4CF2-9EB8-A0FF82781F6C}.Release|ARM.Build.0 = Release|Any CPU
		{7952A3CF-39D9-4CF2-9EB8-A0FF82781F6C}.Release|ARM64.ActiveCfg = Release|Any CPU
		{7952A3CF-39D9-4CF2-9EB8-A0FF82781F6C}.Release|ARM64.Build.0 = Release|Any CPU
		{7952A3CF-39D9-4CF2-9EB8-A0FF82781F6C}.Release|x64.ActiveCfg = Release|Any CPU
		{7952A3CF-39D9-4CF2-9EB8-A0FF82781F6C}.Release|x64.Build.0 = Release|Any CPU
		{7952A3CF-39D9-4CF2-9EB8-A0FF82781F6C}.Release|x86.ActiveCfg = Release|Any CPU
		{7952A3CF-39D9-4CF2-9EB8-A0FF82781F6C}.Release|x86.Build.0 = Release|Any CPU
		{450D8492-6F8F-4289-8D5A-40CA762E1FAC}.Debug|Any CPU.ActiveCfg = Debug|Any CPU
		{450D8492-6F8F-4289-8D5A-40CA762E1FAC}.Debug|Any CPU.Build.0 = Debug|Any CPU
		{450D8492-6F8F-4289-8D5A-40CA762E1FAC}.Debug|ARM.ActiveCfg = Debug|Any CPU
		{450D8492-6F8F-4289-8D5A-40CA762E1FAC}.Debug|ARM.Build.0 = Debug|Any CPU
		{450D8492-6F8F-4289-8D5A-40CA762E1FAC}.Debug|ARM64.ActiveCfg = Debug|Any CPU
		{450D8492-6F8F-4289-8D5A-40CA762E1FAC}.Debug|ARM64.Build.0 = Debug|Any CPU
		{450D8492-6F8F-4289-8D5A-40CA762E1FAC}.Debug|x64.ActiveCfg = Debug|Any CPU
		{450D8492-6F8F-4289-8D5A-40CA762E1FAC}.Debug|x64.Build.0 = Debug|Any CPU
		{450D8492-6F8F-4289-8D5A-40CA762E1FAC}.Debug|x86.ActiveCfg = Debug|Any CPU
		{450D8492-6F8F-4289-8D5A-40CA762E1FAC}.Debug|x86.Build.0 = Debug|Any CPU
		{450D8492-6F8F-4289-8D5A-40CA762E1FAC}.Release|Any CPU.ActiveCfg = Release|Any CPU
		{450D8492-6F8F-4289-8D5A-40CA762E1FAC}.Release|Any CPU.Build.0 = Release|Any CPU
		{450D8492-6F8F-4289-8D5A-40CA762E1FAC}.Release|ARM.ActiveCfg = Release|Any CPU
		{450D8492-6F8F-4289-8D5A-40CA762E1FAC}.Release|ARM.Build.0 = Release|Any CPU
		{450D8492-6F8F-4289-8D5A-40CA762E1FAC}.Release|ARM64.ActiveCfg = Release|Any CPU
		{450D8492-6F8F-4289-8D5A-40CA762E1FAC}.Release|ARM64.Build.0 = Release|Any CPU
		{450D8492-6F8F-4289-8D5A-40CA762E1FAC}.Release|x64.ActiveCfg = Release|Any CPU
		{450D8492-6F8F-4289-8D5A-40CA762E1FAC}.Release|x64.Build.0 = Release|Any CPU
		{450D8492-6F8F-4289-8D5A-40CA762E1FAC}.Release|x86.ActiveCfg = Release|Any CPU
		{450D8492-6F8F-4289-8D5A-40CA762E1FAC}.Release|x86.Build.0 = Release|Any CPU
		{5E454E70-289F-4BFD-BEAA-F003B14B869E}.Debug|Any CPU.ActiveCfg = Debug|Any CPU
		{5E454E70-289F-4BFD-BEAA-F003B14B869E}.Debug|Any CPU.Build.0 = Debug|Any CPU
		{5E454E70-289F-4BFD-BEAA-F003B14B869E}.Debug|ARM.ActiveCfg = Debug|Any CPU
		{5E454E70-289F-4BFD-BEAA-F003B14B869E}.Debug|ARM.Build.0 = Debug|Any CPU
		{5E454E70-289F-4BFD-BEAA-F003B14B869E}.Debug|ARM64.ActiveCfg = Debug|Any CPU
		{5E454E70-289F-4BFD-BEAA-F003B14B869E}.Debug|ARM64.Build.0 = Debug|Any CPU
		{5E454E70-289F-4BFD-BEAA-F003B14B869E}.Debug|x64.ActiveCfg = Debug|Any CPU
		{5E454E70-289F-4BFD-BEAA-F003B14B869E}.Debug|x64.Build.0 = Debug|Any CPU
		{5E454E70-289F-4BFD-BEAA-F003B14B869E}.Debug|x86.ActiveCfg = Debug|Any CPU
		{5E454E70-289F-4BFD-BEAA-F003B14B869E}.Debug|x86.Build.0 = Debug|Any CPU
		{5E454E70-289F-4BFD-BEAA-F003B14B869E}.Release|Any CPU.ActiveCfg = Release|Any CPU
		{5E454E70-289F-4BFD-BEAA-F003B14B869E}.Release|Any CPU.Build.0 = Release|Any CPU
		{5E454E70-289F-4BFD-BEAA-F003B14B869E}.Release|ARM.ActiveCfg = Release|Any CPU
		{5E454E70-289F-4BFD-BEAA-F003B14B869E}.Release|ARM.Build.0 = Release|Any CPU
		{5E454E70-289F-4BFD-BEAA-F003B14B869E}.Release|ARM64.ActiveCfg = Release|Any CPU
		{5E454E70-289F-4BFD-BEAA-F003B14B869E}.Release|ARM64.Build.0 = Release|Any CPU
		{5E454E70-289F-4BFD-BEAA-F003B14B869E}.Release|x64.ActiveCfg = Release|Any CPU
		{5E454E70-289F-4BFD-BEAA-F003B14B869E}.Release|x64.Build.0 = Release|Any CPU
		{5E454E70-289F-4BFD-BEAA-F003B14B869E}.Release|x86.ActiveCfg = Release|Any CPU
		{5E454E70-289F-4BFD-BEAA-F003B14B869E}.Release|x86.Build.0 = Release|Any CPU
		{54C0BBAC-BBEE-47E7-9B10-4FA1D3026BCE}.Debug|Any CPU.ActiveCfg = Debug|Any CPU
		{54C0BBAC-BBEE-47E7-9B10-4FA1D3026BCE}.Debug|Any CPU.Build.0 = Debug|Any CPU
		{54C0BBAC-BBEE-47E7-9B10-4FA1D3026BCE}.Debug|ARM.ActiveCfg = Debug|ARM
		{54C0BBAC-BBEE-47E7-9B10-4FA1D3026BCE}.Debug|ARM.Build.0 = Debug|ARM
		{54C0BBAC-BBEE-47E7-9B10-4FA1D3026BCE}.Debug|ARM64.ActiveCfg = Debug|ARM64
		{54C0BBAC-BBEE-47E7-9B10-4FA1D3026BCE}.Debug|ARM64.Build.0 = Debug|ARM64
		{54C0BBAC-BBEE-47E7-9B10-4FA1D3026BCE}.Debug|x64.ActiveCfg = Debug|x64
		{54C0BBAC-BBEE-47E7-9B10-4FA1D3026BCE}.Debug|x64.Build.0 = Debug|x64
		{54C0BBAC-BBEE-47E7-9B10-4FA1D3026BCE}.Debug|x86.ActiveCfg = Debug|x86
		{54C0BBAC-BBEE-47E7-9B10-4FA1D3026BCE}.Debug|x86.Build.0 = Debug|x86
		{54C0BBAC-BBEE-47E7-9B10-4FA1D3026BCE}.Release|Any CPU.ActiveCfg = Release|Any CPU
		{54C0BBAC-BBEE-47E7-9B10-4FA1D3026BCE}.Release|Any CPU.Build.0 = Release|Any CPU
		{54C0BBAC-BBEE-47E7-9B10-4FA1D3026BCE}.Release|ARM.ActiveCfg = Release|ARM
		{54C0BBAC-BBEE-47E7-9B10-4FA1D3026BCE}.Release|ARM.Build.0 = Release|ARM
		{54C0BBAC-BBEE-47E7-9B10-4FA1D3026BCE}.Release|ARM64.ActiveCfg = Release|ARM64
		{54C0BBAC-BBEE-47E7-9B10-4FA1D3026BCE}.Release|ARM64.Build.0 = Release|ARM64
		{54C0BBAC-BBEE-47E7-9B10-4FA1D3026BCE}.Release|x64.ActiveCfg = Release|x64
		{54C0BBAC-BBEE-47E7-9B10-4FA1D3026BCE}.Release|x64.Build.0 = Release|x64
		{54C0BBAC-BBEE-47E7-9B10-4FA1D3026BCE}.Release|x86.ActiveCfg = Release|x86
		{54C0BBAC-BBEE-47E7-9B10-4FA1D3026BCE}.Release|x86.Build.0 = Release|x86
		{7B4E9E45-FCE4-4570-B53B-957388F5D548}.Debug|Any CPU.ActiveCfg = Debug|Any CPU
		{7B4E9E45-FCE4-4570-B53B-957388F5D548}.Debug|Any CPU.Build.0 = Debug|Any CPU
		{7B4E9E45-FCE4-4570-B53B-957388F5D548}.Debug|ARM.ActiveCfg = Debug|Any CPU
		{7B4E9E45-FCE4-4570-B53B-957388F5D548}.Debug|ARM.Build.0 = Debug|Any CPU
		{7B4E9E45-FCE4-4570-B53B-957388F5D548}.Debug|ARM64.ActiveCfg = Debug|Any CPU
		{7B4E9E45-FCE4-4570-B53B-957388F5D548}.Debug|ARM64.Build.0 = Debug|Any CPU
		{7B4E9E45-FCE4-4570-B53B-957388F5D548}.Debug|x64.ActiveCfg = Debug|Any CPU
		{7B4E9E45-FCE4-4570-B53B-957388F5D548}.Debug|x64.Build.0 = Debug|Any CPU
		{7B4E9E45-FCE4-4570-B53B-957388F5D548}.Debug|x86.ActiveCfg = Debug|Any CPU
		{7B4E9E45-FCE4-4570-B53B-957388F5D548}.Debug|x86.Build.0 = Debug|Any CPU
		{7B4E9E45-FCE4-4570-B53B-957388F5D548}.Release|Any CPU.ActiveCfg = Release|Any CPU
		{7B4E9E45-FCE4-4570-B53B-957388F5D548}.Release|Any CPU.Build.0 = Release|Any CPU
		{7B4E9E45-FCE4-4570-B53B-957388F5D548}.Release|ARM.ActiveCfg = Release|Any CPU
		{7B4E9E45-FCE4-4570-B53B-957388F5D548}.Release|ARM.Build.0 = Release|Any CPU
		{7B4E9E45-FCE4-4570-B53B-957388F5D548}.Release|ARM64.ActiveCfg = Release|Any CPU
		{7B4E9E45-FCE4-4570-B53B-957388F5D548}.Release|ARM64.Build.0 = Release|Any CPU
		{7B4E9E45-FCE4-4570-B53B-957388F5D548}.Release|x64.ActiveCfg = Release|Any CPU
		{7B4E9E45-FCE4-4570-B53B-957388F5D548}.Release|x64.Build.0 = Release|Any CPU
		{7B4E9E45-FCE4-4570-B53B-957388F5D548}.Release|x86.ActiveCfg = Release|Any CPU
		{7B4E9E45-FCE4-4570-B53B-957388F5D548}.Release|x86.Build.0 = Release|Any CPU
		{38B21AB4-6637-4851-BC54-87F3F7A2F4DB}.Debug|Any CPU.ActiveCfg = Debug|x86
		{38B21AB4-6637-4851-BC54-87F3F7A2F4DB}.Debug|ARM.ActiveCfg = Debug|ARM
		{38B21AB4-6637-4851-BC54-87F3F7A2F4DB}.Debug|ARM.Build.0 = Debug|ARM
		{38B21AB4-6637-4851-BC54-87F3F7A2F4DB}.Debug|ARM.Deploy.0 = Debug|ARM
		{38B21AB4-6637-4851-BC54-87F3F7A2F4DB}.Debug|ARM64.ActiveCfg = Debug|ARM64
		{38B21AB4-6637-4851-BC54-87F3F7A2F4DB}.Debug|ARM64.Build.0 = Debug|ARM64
		{38B21AB4-6637-4851-BC54-87F3F7A2F4DB}.Debug|ARM64.Deploy.0 = Debug|ARM64
		{38B21AB4-6637-4851-BC54-87F3F7A2F4DB}.Debug|x64.ActiveCfg = Debug|x64
		{38B21AB4-6637-4851-BC54-87F3F7A2F4DB}.Debug|x64.Build.0 = Debug|x64
		{38B21AB4-6637-4851-BC54-87F3F7A2F4DB}.Debug|x64.Deploy.0 = Debug|x64
		{38B21AB4-6637-4851-BC54-87F3F7A2F4DB}.Debug|x86.ActiveCfg = Debug|x86
		{38B21AB4-6637-4851-BC54-87F3F7A2F4DB}.Debug|x86.Build.0 = Debug|x86
		{38B21AB4-6637-4851-BC54-87F3F7A2F4DB}.Debug|x86.Deploy.0 = Debug|x86
		{38B21AB4-6637-4851-BC54-87F3F7A2F4DB}.Release|Any CPU.ActiveCfg = Release|x86
		{38B21AB4-6637-4851-BC54-87F3F7A2F4DB}.Release|ARM.ActiveCfg = Release|ARM
		{38B21AB4-6637-4851-BC54-87F3F7A2F4DB}.Release|ARM.Build.0 = Release|ARM
		{38B21AB4-6637-4851-BC54-87F3F7A2F4DB}.Release|ARM.Deploy.0 = Release|ARM
		{38B21AB4-6637-4851-BC54-87F3F7A2F4DB}.Release|ARM64.ActiveCfg = Release|ARM64
		{38B21AB4-6637-4851-BC54-87F3F7A2F4DB}.Release|ARM64.Build.0 = Release|ARM64
		{38B21AB4-6637-4851-BC54-87F3F7A2F4DB}.Release|ARM64.Deploy.0 = Release|ARM64
		{38B21AB4-6637-4851-BC54-87F3F7A2F4DB}.Release|x64.ActiveCfg = Release|x64
		{38B21AB4-6637-4851-BC54-87F3F7A2F4DB}.Release|x64.Build.0 = Release|x64
		{38B21AB4-6637-4851-BC54-87F3F7A2F4DB}.Release|x64.Deploy.0 = Release|x64
		{38B21AB4-6637-4851-BC54-87F3F7A2F4DB}.Release|x86.ActiveCfg = Release|x86
		{38B21AB4-6637-4851-BC54-87F3F7A2F4DB}.Release|x86.Build.0 = Release|x86
		{38B21AB4-6637-4851-BC54-87F3F7A2F4DB}.Release|x86.Deploy.0 = Release|x86
		{6DD9F960-02A1-4CFD-A8F6-458A9F4736FC}.Debug|Any CPU.ActiveCfg = Debug|Any CPU
		{6DD9F960-02A1-4CFD-A8F6-458A9F4736FC}.Debug|Any CPU.Build.0 = Debug|Any CPU
		{6DD9F960-02A1-4CFD-A8F6-458A9F4736FC}.Debug|ARM.ActiveCfg = Debug|Any CPU
		{6DD9F960-02A1-4CFD-A8F6-458A9F4736FC}.Debug|ARM.Build.0 = Debug|Any CPU
		{6DD9F960-02A1-4CFD-A8F6-458A9F4736FC}.Debug|ARM64.ActiveCfg = Debug|Any CPU
		{6DD9F960-02A1-4CFD-A8F6-458A9F4736FC}.Debug|ARM64.Build.0 = Debug|Any CPU
		{6DD9F960-02A1-4CFD-A8F6-458A9F4736FC}.Debug|x64.ActiveCfg = Debug|Any CPU
		{6DD9F960-02A1-4CFD-A8F6-458A9F4736FC}.Debug|x64.Build.0 = Debug|Any CPU
		{6DD9F960-02A1-4CFD-A8F6-458A9F4736FC}.Debug|x86.ActiveCfg = Debug|Any CPU
		{6DD9F960-02A1-4CFD-A8F6-458A9F4736FC}.Debug|x86.Build.0 = Debug|Any CPU
		{6DD9F960-02A1-4CFD-A8F6-458A9F4736FC}.Release|Any CPU.ActiveCfg = Release|Any CPU
		{6DD9F960-02A1-4CFD-A8F6-458A9F4736FC}.Release|Any CPU.Build.0 = Release|Any CPU
		{6DD9F960-02A1-4CFD-A8F6-458A9F4736FC}.Release|ARM.ActiveCfg = Release|Any CPU
		{6DD9F960-02A1-4CFD-A8F6-458A9F4736FC}.Release|ARM.Build.0 = Release|Any CPU
		{6DD9F960-02A1-4CFD-A8F6-458A9F4736FC}.Release|ARM64.ActiveCfg = Release|Any CPU
		{6DD9F960-02A1-4CFD-A8F6-458A9F4736FC}.Release|ARM64.Build.0 = Release|Any CPU
		{6DD9F960-02A1-4CFD-A8F6-458A9F4736FC}.Release|x64.ActiveCfg = Release|Any CPU
		{6DD9F960-02A1-4CFD-A8F6-458A9F4736FC}.Release|x64.Build.0 = Release|Any CPU
		{6DD9F960-02A1-4CFD-A8F6-458A9F4736FC}.Release|x86.ActiveCfg = Release|Any CPU
		{6DD9F960-02A1-4CFD-A8F6-458A9F4736FC}.Release|x86.Build.0 = Release|Any CPU
		{3F9BA746-6B8A-4D54-827F-1704510414DC}.Debug|Any CPU.ActiveCfg = Debug|Any CPU
		{3F9BA746-6B8A-4D54-827F-1704510414DC}.Debug|Any CPU.Build.0 = Debug|Any CPU
		{3F9BA746-6B8A-4D54-827F-1704510414DC}.Debug|ARM.ActiveCfg = Debug|Any CPU
		{3F9BA746-6B8A-4D54-827F-1704510414DC}.Debug|ARM.Build.0 = Debug|Any CPU
		{3F9BA746-6B8A-4D54-827F-1704510414DC}.Debug|ARM64.ActiveCfg = Debug|Any CPU
		{3F9BA746-6B8A-4D54-827F-1704510414DC}.Debug|ARM64.Build.0 = Debug|Any CPU
		{3F9BA746-6B8A-4D54-827F-1704510414DC}.Debug|x64.ActiveCfg = Debug|Any CPU
		{3F9BA746-6B8A-4D54-827F-1704510414DC}.Debug|x64.Build.0 = Debug|Any CPU
		{3F9BA746-6B8A-4D54-827F-1704510414DC}.Debug|x86.ActiveCfg = Debug|Any CPU
		{3F9BA746-6B8A-4D54-827F-1704510414DC}.Debug|x86.Build.0 = Debug|Any CPU
		{3F9BA746-6B8A-4D54-827F-1704510414DC}.Release|Any CPU.ActiveCfg = Release|Any CPU
		{3F9BA746-6B8A-4D54-827F-1704510414DC}.Release|Any CPU.Build.0 = Release|Any CPU
		{3F9BA746-6B8A-4D54-827F-1704510414DC}.Release|ARM.ActiveCfg = Release|Any CPU
		{3F9BA746-6B8A-4D54-827F-1704510414DC}.Release|ARM.Build.0 = Release|Any CPU
		{3F9BA746-6B8A-4D54-827F-1704510414DC}.Release|ARM64.ActiveCfg = Release|Any CPU
		{3F9BA746-6B8A-4D54-827F-1704510414DC}.Release|ARM64.Build.0 = Release|Any CPU
		{3F9BA746-6B8A-4D54-827F-1704510414DC}.Release|x64.ActiveCfg = Release|Any CPU
		{3F9BA746-6B8A-4D54-827F-1704510414DC}.Release|x64.Build.0 = Release|Any CPU
		{3F9BA746-6B8A-4D54-827F-1704510414DC}.Release|x86.ActiveCfg = Release|Any CPU
		{3F9BA746-6B8A-4D54-827F-1704510414DC}.Release|x86.Build.0 = Release|Any CPU
		{922B5F04-7696-49FF-B232-D0E99662EBB4}.Debug|Any CPU.ActiveCfg = Debug|Any CPU
		{922B5F04-7696-49FF-B232-D0E99662EBB4}.Debug|Any CPU.Build.0 = Debug|Any CPU
		{922B5F04-7696-49FF-B232-D0E99662EBB4}.Debug|ARM.ActiveCfg = Debug|Any CPU
		{922B5F04-7696-49FF-B232-D0E99662EBB4}.Debug|ARM.Build.0 = Debug|Any CPU
		{922B5F04-7696-49FF-B232-D0E99662EBB4}.Debug|ARM64.ActiveCfg = Debug|Any CPU
		{922B5F04-7696-49FF-B232-D0E99662EBB4}.Debug|ARM64.Build.0 = Debug|Any CPU
		{922B5F04-7696-49FF-B232-D0E99662EBB4}.Debug|x64.ActiveCfg = Debug|Any CPU
		{922B5F04-7696-49FF-B232-D0E99662EBB4}.Debug|x64.Build.0 = Debug|Any CPU
		{922B5F04-7696-49FF-B232-D0E99662EBB4}.Debug|x86.ActiveCfg = Debug|Any CPU
		{922B5F04-7696-49FF-B232-D0E99662EBB4}.Debug|x86.Build.0 = Debug|Any CPU
		{922B5F04-7696-49FF-B232-D0E99662EBB4}.Release|Any CPU.ActiveCfg = Release|Any CPU
		{922B5F04-7696-49FF-B232-D0E99662EBB4}.Release|Any CPU.Build.0 = Release|Any CPU
		{922B5F04-7696-49FF-B232-D0E99662EBB4}.Release|ARM.ActiveCfg = Release|Any CPU
		{922B5F04-7696-49FF-B232-D0E99662EBB4}.Release|ARM.Build.0 = Release|Any CPU
		{922B5F04-7696-49FF-B232-D0E99662EBB4}.Release|ARM64.ActiveCfg = Release|Any CPU
		{922B5F04-7696-49FF-B232-D0E99662EBB4}.Release|ARM64.Build.0 = Release|Any CPU
		{922B5F04-7696-49FF-B232-D0E99662EBB4}.Release|x64.ActiveCfg = Release|Any CPU
		{922B5F04-7696-49FF-B232-D0E99662EBB4}.Release|x64.Build.0 = Release|Any CPU
		{922B5F04-7696-49FF-B232-D0E99662EBB4}.Release|x86.ActiveCfg = Release|Any CPU
		{922B5F04-7696-49FF-B232-D0E99662EBB4}.Release|x86.Build.0 = Release|Any CPU
		{1107B720-219B-4D5D-9283-5D0A6E01627E}.Debug|Any CPU.ActiveCfg = Debug|Any CPU
		{1107B720-219B-4D5D-9283-5D0A6E01627E}.Debug|Any CPU.Build.0 = Debug|Any CPU
		{1107B720-219B-4D5D-9283-5D0A6E01627E}.Debug|ARM.ActiveCfg = Debug|Any CPU
		{1107B720-219B-4D5D-9283-5D0A6E01627E}.Debug|ARM.Build.0 = Debug|Any CPU
		{1107B720-219B-4D5D-9283-5D0A6E01627E}.Debug|ARM64.ActiveCfg = Debug|Any CPU
		{1107B720-219B-4D5D-9283-5D0A6E01627E}.Debug|ARM64.Build.0 = Debug|Any CPU
		{1107B720-219B-4D5D-9283-5D0A6E01627E}.Debug|x64.ActiveCfg = Debug|Any CPU
		{1107B720-219B-4D5D-9283-5D0A6E01627E}.Debug|x64.Build.0 = Debug|Any CPU
		{1107B720-219B-4D5D-9283-5D0A6E01627E}.Debug|x86.ActiveCfg = Debug|Any CPU
		{1107B720-219B-4D5D-9283-5D0A6E01627E}.Debug|x86.Build.0 = Debug|Any CPU
		{1107B720-219B-4D5D-9283-5D0A6E01627E}.Release|Any CPU.ActiveCfg = Release|Any CPU
		{1107B720-219B-4D5D-9283-5D0A6E01627E}.Release|Any CPU.Build.0 = Release|Any CPU
		{1107B720-219B-4D5D-9283-5D0A6E01627E}.Release|ARM.ActiveCfg = Release|Any CPU
		{1107B720-219B-4D5D-9283-5D0A6E01627E}.Release|ARM.Build.0 = Release|Any CPU
		{1107B720-219B-4D5D-9283-5D0A6E01627E}.Release|ARM64.ActiveCfg = Release|Any CPU
		{1107B720-219B-4D5D-9283-5D0A6E01627E}.Release|ARM64.Build.0 = Release|Any CPU
		{1107B720-219B-4D5D-9283-5D0A6E01627E}.Release|x64.ActiveCfg = Release|Any CPU
		{1107B720-219B-4D5D-9283-5D0A6E01627E}.Release|x64.Build.0 = Release|Any CPU
		{1107B720-219B-4D5D-9283-5D0A6E01627E}.Release|x86.ActiveCfg = Release|Any CPU
		{1107B720-219B-4D5D-9283-5D0A6E01627E}.Release|x86.Build.0 = Release|Any CPU
		{D7964808-171F-4B4C-984C-8980F51BD17A}.Debug|Any CPU.ActiveCfg = Debug|Any CPU
		{D7964808-171F-4B4C-984C-8980F51BD17A}.Debug|Any CPU.Build.0 = Debug|Any CPU
		{D7964808-171F-4B4C-984C-8980F51BD17A}.Debug|ARM.ActiveCfg = Debug|Any CPU
		{D7964808-171F-4B4C-984C-8980F51BD17A}.Debug|ARM.Build.0 = Debug|Any CPU
		{D7964808-171F-4B4C-984C-8980F51BD17A}.Debug|ARM64.ActiveCfg = Debug|Any CPU
		{D7964808-171F-4B4C-984C-8980F51BD17A}.Debug|ARM64.Build.0 = Debug|Any CPU
		{D7964808-171F-4B4C-984C-8980F51BD17A}.Debug|x64.ActiveCfg = Debug|Any CPU
		{D7964808-171F-4B4C-984C-8980F51BD17A}.Debug|x64.Build.0 = Debug|Any CPU
		{D7964808-171F-4B4C-984C-8980F51BD17A}.Debug|x86.ActiveCfg = Debug|Any CPU
		{D7964808-171F-4B4C-984C-8980F51BD17A}.Debug|x86.Build.0 = Debug|Any CPU
		{D7964808-171F-4B4C-984C-8980F51BD17A}.Release|Any CPU.ActiveCfg = Release|Any CPU
		{D7964808-171F-4B4C-984C-8980F51BD17A}.Release|Any CPU.Build.0 = Release|Any CPU
		{D7964808-171F-4B4C-984C-8980F51BD17A}.Release|ARM.ActiveCfg = Release|Any CPU
		{D7964808-171F-4B4C-984C-8980F51BD17A}.Release|ARM.Build.0 = Release|Any CPU
		{D7964808-171F-4B4C-984C-8980F51BD17A}.Release|ARM64.ActiveCfg = Release|Any CPU
		{D7964808-171F-4B4C-984C-8980F51BD17A}.Release|ARM64.Build.0 = Release|Any CPU
		{D7964808-171F-4B4C-984C-8980F51BD17A}.Release|x64.ActiveCfg = Release|Any CPU
		{D7964808-171F-4B4C-984C-8980F51BD17A}.Release|x64.Build.0 = Release|Any CPU
		{D7964808-171F-4B4C-984C-8980F51BD17A}.Release|x86.ActiveCfg = Release|Any CPU
		{D7964808-171F-4B4C-984C-8980F51BD17A}.Release|x86.Build.0 = Release|Any CPU
		{D7A9C1C1-2F99-4075-8B4A-027A9E95A409}.Debug|Any CPU.ActiveCfg = Debug|Any CPU
		{D7A9C1C1-2F99-4075-8B4A-027A9E95A409}.Debug|Any CPU.Build.0 = Debug|Any CPU
		{D7A9C1C1-2F99-4075-8B4A-027A9E95A409}.Debug|ARM.ActiveCfg = Debug|Any CPU
		{D7A9C1C1-2F99-4075-8B4A-027A9E95A409}.Debug|ARM.Build.0 = Debug|Any CPU
		{D7A9C1C1-2F99-4075-8B4A-027A9E95A409}.Debug|ARM64.ActiveCfg = Debug|Any CPU
		{D7A9C1C1-2F99-4075-8B4A-027A9E95A409}.Debug|ARM64.Build.0 = Debug|Any CPU
		{D7A9C1C1-2F99-4075-8B4A-027A9E95A409}.Debug|x64.ActiveCfg = Debug|Any CPU
		{D7A9C1C1-2F99-4075-8B4A-027A9E95A409}.Debug|x64.Build.0 = Debug|Any CPU
		{D7A9C1C1-2F99-4075-8B4A-027A9E95A409}.Debug|x86.ActiveCfg = Debug|Any CPU
		{D7A9C1C1-2F99-4075-8B4A-027A9E95A409}.Debug|x86.Build.0 = Debug|Any CPU
		{D7A9C1C1-2F99-4075-8B4A-027A9E95A409}.Release|Any CPU.ActiveCfg = Release|Any CPU
		{D7A9C1C1-2F99-4075-8B4A-027A9E95A409}.Release|Any CPU.Build.0 = Release|Any CPU
		{D7A9C1C1-2F99-4075-8B4A-027A9E95A409}.Release|ARM.ActiveCfg = Release|Any CPU
		{D7A9C1C1-2F99-4075-8B4A-027A9E95A409}.Release|ARM.Build.0 = Release|Any CPU
		{D7A9C1C1-2F99-4075-8B4A-027A9E95A409}.Release|ARM64.ActiveCfg = Release|Any CPU
		{D7A9C1C1-2F99-4075-8B4A-027A9E95A409}.Release|ARM64.Build.0 = Release|Any CPU
		{D7A9C1C1-2F99-4075-8B4A-027A9E95A409}.Release|x64.ActiveCfg = Release|Any CPU
		{D7A9C1C1-2F99-4075-8B4A-027A9E95A409}.Release|x64.Build.0 = Release|Any CPU
		{D7A9C1C1-2F99-4075-8B4A-027A9E95A409}.Release|x86.ActiveCfg = Release|Any CPU
		{D7A9C1C1-2F99-4075-8B4A-027A9E95A409}.Release|x86.Build.0 = Release|Any CPU
		{F8B5E73A-8AD4-430C-951D-26C77E0603FC}.Debug|Any CPU.ActiveCfg = Debug|Any CPU
		{F8B5E73A-8AD4-430C-951D-26C77E0603FC}.Debug|Any CPU.Build.0 = Debug|Any CPU
		{F8B5E73A-8AD4-430C-951D-26C77E0603FC}.Debug|ARM.ActiveCfg = Debug|Any CPU
		{F8B5E73A-8AD4-430C-951D-26C77E0603FC}.Debug|ARM.Build.0 = Debug|Any CPU
		{F8B5E73A-8AD4-430C-951D-26C77E0603FC}.Debug|ARM64.ActiveCfg = Debug|Any CPU
		{F8B5E73A-8AD4-430C-951D-26C77E0603FC}.Debug|ARM64.Build.0 = Debug|Any CPU
		{F8B5E73A-8AD4-430C-951D-26C77E0603FC}.Debug|x64.ActiveCfg = Debug|Any CPU
		{F8B5E73A-8AD4-430C-951D-26C77E0603FC}.Debug|x64.Build.0 = Debug|Any CPU
		{F8B5E73A-8AD4-430C-951D-26C77E0603FC}.Debug|x86.ActiveCfg = Debug|Any CPU
		{F8B5E73A-8AD4-430C-951D-26C77E0603FC}.Debug|x86.Build.0 = Debug|Any CPU
		{F8B5E73A-8AD4-430C-951D-26C77E0603FC}.Release|Any CPU.ActiveCfg = Release|Any CPU
		{F8B5E73A-8AD4-430C-951D-26C77E0603FC}.Release|Any CPU.Build.0 = Release|Any CPU
		{F8B5E73A-8AD4-430C-951D-26C77E0603FC}.Release|ARM.ActiveCfg = Release|Any CPU
		{F8B5E73A-8AD4-430C-951D-26C77E0603FC}.Release|ARM.Build.0 = Release|Any CPU
		{F8B5E73A-8AD4-430C-951D-26C77E0603FC}.Release|ARM64.ActiveCfg = Release|Any CPU
		{F8B5E73A-8AD4-430C-951D-26C77E0603FC}.Release|ARM64.Build.0 = Release|Any CPU
		{F8B5E73A-8AD4-430C-951D-26C77E0603FC}.Release|x64.ActiveCfg = Release|Any CPU
		{F8B5E73A-8AD4-430C-951D-26C77E0603FC}.Release|x64.Build.0 = Release|Any CPU
		{F8B5E73A-8AD4-430C-951D-26C77E0603FC}.Release|x86.ActiveCfg = Release|Any CPU
		{F8B5E73A-8AD4-430C-951D-26C77E0603FC}.Release|x86.Build.0 = Release|Any CPU
		{EB458FE8-2904-487B-9CC7-EB2691DD85D6}.Debug|Any CPU.ActiveCfg = Debug|Any CPU
		{EB458FE8-2904-487B-9CC7-EB2691DD85D6}.Debug|Any CPU.Build.0 = Debug|Any CPU
		{EB458FE8-2904-487B-9CC7-EB2691DD85D6}.Debug|ARM.ActiveCfg = Debug|Any CPU
		{EB458FE8-2904-487B-9CC7-EB2691DD85D6}.Debug|ARM.Build.0 = Debug|Any CPU
		{EB458FE8-2904-487B-9CC7-EB2691DD85D6}.Debug|ARM64.ActiveCfg = Debug|Any CPU
		{EB458FE8-2904-487B-9CC7-EB2691DD85D6}.Debug|ARM64.Build.0 = Debug|Any CPU
		{EB458FE8-2904-487B-9CC7-EB2691DD85D6}.Debug|x64.ActiveCfg = Debug|Any CPU
		{EB458FE8-2904-487B-9CC7-EB2691DD85D6}.Debug|x64.Build.0 = Debug|Any CPU
		{EB458FE8-2904-487B-9CC7-EB2691DD85D6}.Debug|x86.ActiveCfg = Debug|Any CPU
		{EB458FE8-2904-487B-9CC7-EB2691DD85D6}.Debug|x86.Build.0 = Debug|Any CPU
		{EB458FE8-2904-487B-9CC7-EB2691DD85D6}.Release|Any CPU.ActiveCfg = Release|Any CPU
		{EB458FE8-2904-487B-9CC7-EB2691DD85D6}.Release|Any CPU.Build.0 = Release|Any CPU
		{EB458FE8-2904-487B-9CC7-EB2691DD85D6}.Release|ARM.ActiveCfg = Release|Any CPU
		{EB458FE8-2904-487B-9CC7-EB2691DD85D6}.Release|ARM.Build.0 = Release|Any CPU
		{EB458FE8-2904-487B-9CC7-EB2691DD85D6}.Release|ARM64.ActiveCfg = Release|Any CPU
		{EB458FE8-2904-487B-9CC7-EB2691DD85D6}.Release|ARM64.Build.0 = Release|Any CPU
		{EB458FE8-2904-487B-9CC7-EB2691DD85D6}.Release|x64.ActiveCfg = Release|Any CPU
		{EB458FE8-2904-487B-9CC7-EB2691DD85D6}.Release|x64.Build.0 = Release|Any CPU
		{EB458FE8-2904-487B-9CC7-EB2691DD85D6}.Release|x86.ActiveCfg = Release|Any CPU
		{EB458FE8-2904-487B-9CC7-EB2691DD85D6}.Release|x86.Build.0 = Release|Any CPU
		{80C1A3A6-EB28-4B2F-94C0-C3014073F95E}.Debug|Any CPU.ActiveCfg = Debug|Any CPU
		{80C1A3A6-EB28-4B2F-94C0-C3014073F95E}.Debug|Any CPU.Build.0 = Debug|Any CPU
		{80C1A3A6-EB28-4B2F-94C0-C3014073F95E}.Debug|ARM.ActiveCfg = Debug|Any CPU
		{80C1A3A6-EB28-4B2F-94C0-C3014073F95E}.Debug|ARM.Build.0 = Debug|Any CPU
		{80C1A3A6-EB28-4B2F-94C0-C3014073F95E}.Debug|ARM64.ActiveCfg = Debug|Any CPU
		{80C1A3A6-EB28-4B2F-94C0-C3014073F95E}.Debug|ARM64.Build.0 = Debug|Any CPU
		{80C1A3A6-EB28-4B2F-94C0-C3014073F95E}.Debug|x64.ActiveCfg = Debug|Any CPU
		{80C1A3A6-EB28-4B2F-94C0-C3014073F95E}.Debug|x64.Build.0 = Debug|Any CPU
		{80C1A3A6-EB28-4B2F-94C0-C3014073F95E}.Debug|x86.ActiveCfg = Debug|Any CPU
		{80C1A3A6-EB28-4B2F-94C0-C3014073F95E}.Debug|x86.Build.0 = Debug|Any CPU
		{80C1A3A6-EB28-4B2F-94C0-C3014073F95E}.Release|Any CPU.ActiveCfg = Release|Any CPU
		{80C1A3A6-EB28-4B2F-94C0-C3014073F95E}.Release|Any CPU.Build.0 = Release|Any CPU
		{80C1A3A6-EB28-4B2F-94C0-C3014073F95E}.Release|ARM.ActiveCfg = Release|Any CPU
		{80C1A3A6-EB28-4B2F-94C0-C3014073F95E}.Release|ARM.Build.0 = Release|Any CPU
		{80C1A3A6-EB28-4B2F-94C0-C3014073F95E}.Release|ARM64.ActiveCfg = Release|Any CPU
		{80C1A3A6-EB28-4B2F-94C0-C3014073F95E}.Release|ARM64.Build.0 = Release|Any CPU
		{80C1A3A6-EB28-4B2F-94C0-C3014073F95E}.Release|x64.ActiveCfg = Release|Any CPU
		{80C1A3A6-EB28-4B2F-94C0-C3014073F95E}.Release|x64.Build.0 = Release|Any CPU
		{80C1A3A6-EB28-4B2F-94C0-C3014073F95E}.Release|x86.ActiveCfg = Release|Any CPU
		{80C1A3A6-EB28-4B2F-94C0-C3014073F95E}.Release|x86.Build.0 = Release|Any CPU
		{5845AEF3-A0EB-404D-BFC1-F07AB7E983AD}.Debug|Any CPU.ActiveCfg = Debug|Any CPU
		{5845AEF3-A0EB-404D-BFC1-F07AB7E983AD}.Debug|Any CPU.Build.0 = Debug|Any CPU
		{5845AEF3-A0EB-404D-BFC1-F07AB7E983AD}.Debug|ARM.ActiveCfg = Debug|Any CPU
		{5845AEF3-A0EB-404D-BFC1-F07AB7E983AD}.Debug|ARM.Build.0 = Debug|Any CPU
		{5845AEF3-A0EB-404D-BFC1-F07AB7E983AD}.Debug|ARM64.ActiveCfg = Debug|Any CPU
		{5845AEF3-A0EB-404D-BFC1-F07AB7E983AD}.Debug|ARM64.Build.0 = Debug|Any CPU
		{5845AEF3-A0EB-404D-BFC1-F07AB7E983AD}.Debug|x64.ActiveCfg = Debug|Any CPU
		{5845AEF3-A0EB-404D-BFC1-F07AB7E983AD}.Debug|x64.Build.0 = Debug|Any CPU
		{5845AEF3-A0EB-404D-BFC1-F07AB7E983AD}.Debug|x86.ActiveCfg = Debug|Any CPU
		{5845AEF3-A0EB-404D-BFC1-F07AB7E983AD}.Debug|x86.Build.0 = Debug|Any CPU
		{5845AEF3-A0EB-404D-BFC1-F07AB7E983AD}.Release|Any CPU.ActiveCfg = Release|Any CPU
		{5845AEF3-A0EB-404D-BFC1-F07AB7E983AD}.Release|Any CPU.Build.0 = Release|Any CPU
		{5845AEF3-A0EB-404D-BFC1-F07AB7E983AD}.Release|ARM.ActiveCfg = Release|Any CPU
		{5845AEF3-A0EB-404D-BFC1-F07AB7E983AD}.Release|ARM.Build.0 = Release|Any CPU
		{5845AEF3-A0EB-404D-BFC1-F07AB7E983AD}.Release|ARM64.ActiveCfg = Release|Any CPU
		{5845AEF3-A0EB-404D-BFC1-F07AB7E983AD}.Release|ARM64.Build.0 = Release|Any CPU
		{5845AEF3-A0EB-404D-BFC1-F07AB7E983AD}.Release|x64.ActiveCfg = Release|Any CPU
		{5845AEF3-A0EB-404D-BFC1-F07AB7E983AD}.Release|x64.Build.0 = Release|Any CPU
		{5845AEF3-A0EB-404D-BFC1-F07AB7E983AD}.Release|x86.ActiveCfg = Release|Any CPU
		{5845AEF3-A0EB-404D-BFC1-F07AB7E983AD}.Release|x86.Build.0 = Release|Any CPU
		{A003AE53-E0AD-4F9A-A784-3F0B6D433085}.Debug|Any CPU.ActiveCfg = Debug|Any CPU
		{A003AE53-E0AD-4F9A-A784-3F0B6D433085}.Debug|Any CPU.Build.0 = Debug|Any CPU
		{A003AE53-E0AD-4F9A-A784-3F0B6D433085}.Debug|ARM.ActiveCfg = Debug|Any CPU
		{A003AE53-E0AD-4F9A-A784-3F0B6D433085}.Debug|ARM.Build.0 = Debug|Any CPU
		{A003AE53-E0AD-4F9A-A784-3F0B6D433085}.Debug|ARM64.ActiveCfg = Debug|Any CPU
		{A003AE53-E0AD-4F9A-A784-3F0B6D433085}.Debug|ARM64.Build.0 = Debug|Any CPU
		{A003AE53-E0AD-4F9A-A784-3F0B6D433085}.Debug|x64.ActiveCfg = Debug|Any CPU
		{A003AE53-E0AD-4F9A-A784-3F0B6D433085}.Debug|x64.Build.0 = Debug|Any CPU
		{A003AE53-E0AD-4F9A-A784-3F0B6D433085}.Debug|x86.ActiveCfg = Debug|Any CPU
		{A003AE53-E0AD-4F9A-A784-3F0B6D433085}.Debug|x86.Build.0 = Debug|Any CPU
		{A003AE53-E0AD-4F9A-A784-3F0B6D433085}.Release|Any CPU.ActiveCfg = Release|Any CPU
		{A003AE53-E0AD-4F9A-A784-3F0B6D433085}.Release|Any CPU.Build.0 = Release|Any CPU
		{A003AE53-E0AD-4F9A-A784-3F0B6D433085}.Release|ARM.ActiveCfg = Release|Any CPU
		{A003AE53-E0AD-4F9A-A784-3F0B6D433085}.Release|ARM.Build.0 = Release|Any CPU
		{A003AE53-E0AD-4F9A-A784-3F0B6D433085}.Release|ARM64.ActiveCfg = Release|Any CPU
		{A003AE53-E0AD-4F9A-A784-3F0B6D433085}.Release|ARM64.Build.0 = Release|Any CPU
		{A003AE53-E0AD-4F9A-A784-3F0B6D433085}.Release|x64.ActiveCfg = Release|Any CPU
		{A003AE53-E0AD-4F9A-A784-3F0B6D433085}.Release|x64.Build.0 = Release|Any CPU
		{A003AE53-E0AD-4F9A-A784-3F0B6D433085}.Release|x86.ActiveCfg = Release|Any CPU
		{A003AE53-E0AD-4F9A-A784-3F0B6D433085}.Release|x86.Build.0 = Release|Any CPU
		{6BD76D8C-0DA6-43D4-B55C-BA607D78720A}.Debug|Any CPU.ActiveCfg = Debug|Any CPU
		{6BD76D8C-0DA6-43D4-B55C-BA607D78720A}.Debug|Any CPU.Build.0 = Debug|Any CPU
		{6BD76D8C-0DA6-43D4-B55C-BA607D78720A}.Debug|ARM.ActiveCfg = Debug|Any CPU
		{6BD76D8C-0DA6-43D4-B55C-BA607D78720A}.Debug|ARM.Build.0 = Debug|Any CPU
		{6BD76D8C-0DA6-43D4-B55C-BA607D78720A}.Debug|ARM64.ActiveCfg = Debug|Any CPU
		{6BD76D8C-0DA6-43D4-B55C-BA607D78720A}.Debug|ARM64.Build.0 = Debug|Any CPU
		{6BD76D8C-0DA6-43D4-B55C-BA607D78720A}.Debug|x64.ActiveCfg = Debug|Any CPU
		{6BD76D8C-0DA6-43D4-B55C-BA607D78720A}.Debug|x64.Build.0 = Debug|Any CPU
		{6BD76D8C-0DA6-43D4-B55C-BA607D78720A}.Debug|x86.ActiveCfg = Debug|Any CPU
		{6BD76D8C-0DA6-43D4-B55C-BA607D78720A}.Debug|x86.Build.0 = Debug|Any CPU
		{6BD76D8C-0DA6-43D4-B55C-BA607D78720A}.Release|Any CPU.ActiveCfg = Release|Any CPU
		{6BD76D8C-0DA6-43D4-B55C-BA607D78720A}.Release|Any CPU.Build.0 = Release|Any CPU
		{6BD76D8C-0DA6-43D4-B55C-BA607D78720A}.Release|ARM.ActiveCfg = Release|Any CPU
		{6BD76D8C-0DA6-43D4-B55C-BA607D78720A}.Release|ARM.Build.0 = Release|Any CPU
		{6BD76D8C-0DA6-43D4-B55C-BA607D78720A}.Release|ARM64.ActiveCfg = Release|Any CPU
		{6BD76D8C-0DA6-43D4-B55C-BA607D78720A}.Release|ARM64.Build.0 = Release|Any CPU
		{6BD76D8C-0DA6-43D4-B55C-BA607D78720A}.Release|x64.ActiveCfg = Release|Any CPU
		{6BD76D8C-0DA6-43D4-B55C-BA607D78720A}.Release|x64.Build.0 = Release|Any CPU
		{6BD76D8C-0DA6-43D4-B55C-BA607D78720A}.Release|x86.ActiveCfg = Release|Any CPU
		{6BD76D8C-0DA6-43D4-B55C-BA607D78720A}.Release|x86.Build.0 = Release|Any CPU
	EndGlobalSection
	GlobalSection(SolutionProperties) = preSolution
		HideSolutionNode = FALSE
	EndGlobalSection
	GlobalSection(NestedProjects) = preSolution
		{E30065D9-0856-4A05-A737-B02A71F37669} = {8168997C-EF7C-4B90-8408-F79A33EF63AC}
		{A71928A6-A7EA-479C-8EE9-D3B299C188C5} = {8168997C-EF7C-4B90-8408-F79A33EF63AC}
		{EAB4DEAA-B993-40C1-BCAE-D8F3D4C3D160} = {8168997C-EF7C-4B90-8408-F79A33EF63AC}
		{987D1CEE-80CF-4F4B-AFE9-155AEC37D3AE} = {8168997C-EF7C-4B90-8408-F79A33EF63AC}
		{450D8492-6F8F-4289-8D5A-40CA762E1FAC} = {8168997C-EF7C-4B90-8408-F79A33EF63AC}
		{7B4E9E45-FCE4-4570-B53B-957388F5D548} = {270D176B-32CF-4794-A215-CF1D77615257}
		{38B21AB4-6637-4851-BC54-87F3F7A2F4DB} = {270D176B-32CF-4794-A215-CF1D77615257}
		{3F9BA746-6B8A-4D54-827F-1704510414DC} = {8168997C-EF7C-4B90-8408-F79A33EF63AC}
		{D7964808-171F-4B4C-984C-8980F51BD17A} = {270D176B-32CF-4794-A215-CF1D77615257}
		{F8B5E73A-8AD4-430C-951D-26C77E0603FC} = {270D176B-32CF-4794-A215-CF1D77615257}
		{EB458FE8-2904-487B-9CC7-EB2691DD85D6} = {8168997C-EF7C-4B90-8408-F79A33EF63AC}
		{5845AEF3-A0EB-404D-BFC1-F07AB7E983AD} = {8168997C-EF7C-4B90-8408-F79A33EF63AC}
		{6BD76D8C-0DA6-43D4-B55C-BA607D78720A} = {270D176B-32CF-4794-A215-CF1D77615257}
	EndGlobalSection
	GlobalSection(ExtensibilityGlobals) = postSolution
		SolutionGuid = {2FBA1369-F0C1-4FCA-B5E6-6638B00028D6}
	EndGlobalSection
EndGlobal
